// !$*UTF8*$!
{
	archiveVersion = 1;
	classes = {
	};
	objectVersion = 46;
	objects = {

/* Begin PBXBuildFile section */
		1936D7D01C911ECC00B5786E /* AppDelegate.swift in Sources */ = {isa = PBXBuildFile; fileRef = 1936D7CF1C911ECC00B5786E /* AppDelegate.swift */; };
		1936D7D71C911ECC00B5786E /* Assets.xcassets in Resources */ = {isa = PBXBuildFile; fileRef = 1936D7D61C911ECC00B5786E /* Assets.xcassets */; };
		1936D7DA1C911ECC00B5786E /* LaunchScreen.storyboard in Resources */ = {isa = PBXBuildFile; fileRef = 1936D7D81C911ECC00B5786E /* LaunchScreen.storyboard */; };
		1936D7E51C911ECD00B5786E /* Pix500Tests.swift in Sources */ = {isa = PBXBuildFile; fileRef = 1936D7E41C911ECD00B5786E /* Pix500Tests.swift */; };
		1936D7F01C911ECD00B5786E /* Pix500UITests.swift in Sources */ = {isa = PBXBuildFile; fileRef = 1936D7EF1C911ECD00B5786E /* Pix500UITests.swift */; };
		1936D8101C91208700B5786E /* RLMSupport.swift in Sources */ = {isa = PBXBuildFile; fileRef = 1936D80B1C91208700B5786E /* RLMSupport.swift */; };
		1936D8121C91216000B5786E /* Realm.framework in Frameworks */ = {isa = PBXBuildFile; fileRef = 1936D8081C91208700B5786E /* Realm.framework */; };
		1936D8131C91216000B5786E /* Realm.framework in Embed Frameworks */ = {isa = PBXBuildFile; fileRef = 1936D8081C91208700B5786E /* Realm.framework */; settings = {ATTRIBUTES = (CodeSignOnCopy, RemoveHeadersOnCopy, ); }; };
		1936D81C1C9124AF00B5786E /* GridViewController.swift in Sources */ = {isa = PBXBuildFile; fileRef = 1936D8191C9124AF00B5786E /* GridViewController.swift */; };
		1936D81D1C9124AF00B5786E /* ImageViewController.swift in Sources */ = {isa = PBXBuildFile; fileRef = 1936D81B1C9124AF00B5786E /* ImageViewController.swift */; };
		1936D81F1C91252100B5786E /* GridViewController.xib in Resources */ = {isa = PBXBuildFile; fileRef = 1936D81E1C91252100B5786E /* GridViewController.xib */; };
		1936D8211C91253C00B5786E /* ImageViewController.xib in Resources */ = {isa = PBXBuildFile; fileRef = 1936D8201C91253C00B5786E /* ImageViewController.xib */; };
		1936D8241C91309000B5786E /* GridViewCell.xib in Resources */ = {isa = PBXBuildFile; fileRef = 1936D8231C91309000B5786E /* GridViewCell.xib */; };
		1936D8261C9130B300B5786E /* GridViewCell.swift in Sources */ = {isa = PBXBuildFile; fileRef = 1936D8251C9130B300B5786E /* GridViewCell.swift */; };
		19FDEC2A1C914E2500808CE4 /* Services.plist in Resources */ = {isa = PBXBuildFile; fileRef = 19FDEC291C914E2500808CE4 /* Services.plist */; };
/* End PBXBuildFile section */

/* Begin PBXContainerItemProxy section */
		1936D7E11C911ECD00B5786E /* PBXContainerItemProxy */ = {
			isa = PBXContainerItemProxy;
			containerPortal = 1936D7C41C911ECC00B5786E /* Project object */;
			proxyType = 1;
			remoteGlobalIDString = 1936D7CB1C911ECC00B5786E;
			remoteInfo = Pix500;
		};
		1936D7EC1C911ECD00B5786E /* PBXContainerItemProxy */ = {
			isa = PBXContainerItemProxy;
			containerPortal = 1936D7C41C911ECC00B5786E /* Project object */;
			proxyType = 1;
			remoteGlobalIDString = 1936D7CB1C911ECC00B5786E;
			remoteInfo = Pix500;
		};
		19FDEC351C91513D00808CE4 /* PBXContainerItemProxy */ = {
			isa = PBXContainerItemProxy;
			containerPortal = 19FDEC2B1C91513D00808CE4 /* OAuthSwift.xcodeproj */;
			proxyType = 2;
			remoteGlobalIDString = F435027A1A6791B200038A29;
			remoteInfo = OAuthSwift;
		};
		19FDEC371C91513D00808CE4 /* PBXContainerItemProxy */ = {
			isa = PBXContainerItemProxy;
			containerPortal = 19FDEC2B1C91513D00808CE4 /* OAuthSwift.xcodeproj */;
			proxyType = 2;
			remoteGlobalIDString = F451E3C5195B8CD80051434C;
			remoteInfo = OAuthSwiftDemo;
		};
		19FDEC391C91513D00808CE4 /* PBXContainerItemProxy */ = {
			isa = PBXContainerItemProxy;
			containerPortal = 19FDEC2B1C91513D00808CE4 /* OAuthSwift.xcodeproj */;
			proxyType = 2;
			remoteGlobalIDString = C48B28021AFA598D00C7DEF6;
			remoteInfo = OAuthSwiftOSX;
		};
		19FDEC3B1C91513D00808CE4 /* PBXContainerItemProxy */ = {
			isa = PBXContainerItemProxy;
			containerPortal = 19FDEC2B1C91513D00808CE4 /* OAuthSwift.xcodeproj */;
			proxyType = 2;
			remoteGlobalIDString = C49FD5241AFB5DF500791E1A;
			remoteInfo = OAuthSwiftOSXDemo;
		};
		19FDEC3D1C91513D00808CE4 /* PBXContainerItemProxy */ = {
			isa = PBXContainerItemProxy;
			containerPortal = 19FDEC2B1C91513D00808CE4 /* OAuthSwift.xcodeproj */;
			proxyType = 2;
			remoteGlobalIDString = C4B6EE1E1BF74CE300443596;
			remoteInfo = OAuthSwiftTVOS;
		};
		19FDEC3F1C91513D00808CE4 /* PBXContainerItemProxy */ = {
			isa = PBXContainerItemProxy;
			containerPortal = 19FDEC2B1C91513D00808CE4 /* OAuthSwift.xcodeproj */;
			proxyType = 2;
			remoteGlobalIDString = C40890C01C11B37000E3146A;
			remoteInfo = OAuthSwiftWatchOS;
		};
		19FDEC411C91513D00808CE4 /* PBXContainerItemProxy */ = {
			isa = PBXContainerItemProxy;
			containerPortal = 19FDEC2B1C91513D00808CE4 /* OAuthSwift.xcodeproj */;
			proxyType = 2;
			remoteGlobalIDString = C4D50DF71BFB693F0053B624;
			remoteInfo = OAuthSwiftTests;
		};
		19FDEC431C91516700808CE4 /* PBXContainerItemProxy */ = {
			isa = PBXContainerItemProxy;
			containerPortal = 19FDEC2B1C91513D00808CE4 /* OAuthSwift.xcodeproj */;
			proxyType = 1;
			remoteGlobalIDString = F43502791A6791B200038A29;
			remoteInfo = OAuthSwift;
		};
/* End PBXContainerItemProxy section */

/* Begin PBXCopyFilesBuildPhase section */
		1936D8141C91216000B5786E /* Embed Frameworks */ = {
			isa = PBXCopyFilesBuildPhase;
			buildActionMask = 2147483647;
			dstPath = "";
			dstSubfolderSpec = 10;
			files = (
				1936D8131C91216000B5786E /* Realm.framework in Embed Frameworks */,
			);
			name = "Embed Frameworks";
			runOnlyForDeploymentPostprocessing = 0;
		};
/* End PBXCopyFilesBuildPhase section */

/* Begin PBXFileReference section */
		1936D7CC1C911ECC00B5786E /* Pix500.app */ = {isa = PBXFileReference; explicitFileType = wrapper.application; includeInIndex = 0; path = Pix500.app; sourceTree = BUILT_PRODUCTS_DIR; };
		1936D7CF1C911ECC00B5786E /* AppDelegate.swift */ = {isa = PBXFileReference; lastKnownFileType = sourcecode.swift; path = AppDelegate.swift; sourceTree = "<group>"; };
		1936D7D61C911ECC00B5786E /* Assets.xcassets */ = {isa = PBXFileReference; lastKnownFileType = folder.assetcatalog; path = Assets.xcassets; sourceTree = "<group>"; };
		1936D7D91C911ECC00B5786E /* Base */ = {isa = PBXFileReference; lastKnownFileType = file.storyboard; name = Base; path = Base.lproj/LaunchScreen.storyboard; sourceTree = "<group>"; };
		1936D7DB1C911ECC00B5786E /* Info.plist */ = {isa = PBXFileReference; lastKnownFileType = text.plist.xml; name = Info.plist; path = ../Info.plist; sourceTree = "<group>"; };
		1936D7E01C911ECD00B5786E /* Pix500Tests.xctest */ = {isa = PBXFileReference; explicitFileType = wrapper.cfbundle; includeInIndex = 0; path = Pix500Tests.xctest; sourceTree = BUILT_PRODUCTS_DIR; };
		1936D7E41C911ECD00B5786E /* Pix500Tests.swift */ = {isa = PBXFileReference; lastKnownFileType = sourcecode.swift; path = Pix500Tests.swift; sourceTree = "<group>"; };
		1936D7E61C911ECD00B5786E /* Info.plist */ = {isa = PBXFileReference; lastKnownFileType = text.plist.xml; path = Info.plist; sourceTree = "<group>"; };
		1936D7EB1C911ECD00B5786E /* Pix500UITests.xctest */ = {isa = PBXFileReference; explicitFileType = wrapper.cfbundle; includeInIndex = 0; path = Pix500UITests.xctest; sourceTree = BUILT_PRODUCTS_DIR; };
		1936D7EF1C911ECD00B5786E /* Pix500UITests.swift */ = {isa = PBXFileReference; lastKnownFileType = sourcecode.swift; path = Pix500UITests.swift; sourceTree = "<group>"; };
		1936D7F11C911ECD00B5786E /* Info.plist */ = {isa = PBXFileReference; lastKnownFileType = text.plist.xml; path = Info.plist; sourceTree = "<group>"; };
		1936D8081C91208700B5786E /* Realm.framework */ = {isa = PBXFileReference; lastKnownFileType = wrapper.framework; path = Realm.framework; sourceTree = "<group>"; };
		1936D80B1C91208700B5786E /* RLMSupport.swift */ = {isa = PBXFileReference; fileEncoding = 4; lastKnownFileType = sourcecode.swift; path = RLMSupport.swift; sourceTree = "<group>"; };
		1936D8191C9124AF00B5786E /* GridViewController.swift */ = {isa = PBXFileReference; fileEncoding = 4; lastKnownFileType = sourcecode.swift; path = GridViewController.swift; sourceTree = "<group>"; };
		1936D81B1C9124AF00B5786E /* ImageViewController.swift */ = {isa = PBXFileReference; fileEncoding = 4; lastKnownFileType = sourcecode.swift; path = ImageViewController.swift; sourceTree = "<group>"; };
		1936D81E1C91252100B5786E /* GridViewController.xib */ = {isa = PBXFileReference; fileEncoding = 4; lastKnownFileType = file.xib; path = GridViewController.xib; sourceTree = "<group>"; };
		1936D8201C91253C00B5786E /* ImageViewController.xib */ = {isa = PBXFileReference; fileEncoding = 4; lastKnownFileType = file.xib; path = ImageViewController.xib; sourceTree = "<group>"; };
		1936D8231C91309000B5786E /* GridViewCell.xib */ = {isa = PBXFileReference; fileEncoding = 4; lastKnownFileType = file.xib; path = GridViewCell.xib; sourceTree = "<group>"; };
		1936D8251C9130B300B5786E /* GridViewCell.swift */ = {isa = PBXFileReference; fileEncoding = 4; lastKnownFileType = sourcecode.swift; path = GridViewCell.swift; sourceTree = "<group>"; };
		19FDEC291C914E2500808CE4 /* Services.plist */ = {isa = PBXFileReference; fileEncoding = 4; lastKnownFileType = text.plist.xml; path = Services.plist; sourceTree = "<group>"; };
		19FDEC2B1C91513D00808CE4 /* OAuthSwift.xcodeproj */ = {isa = PBXFileReference; lastKnownFileType = "wrapper.pb-project"; name = OAuthSwift.xcodeproj; path = "Pix500/3rdParty/OAuthSwift-master/OAuthSwift.xcodeproj"; sourceTree = "<group>"; };
		1ED2F2BB2B65965B3CCAA311 /* Pods-Pix500.release.xcconfig */ = {isa = PBXFileReference; includeInIndex = 1; lastKnownFileType = text.xcconfig; name = "Pods-Pix500.release.xcconfig"; path = "Pods/Target Support Files/Pods-Pix500/Pods-Pix500.release.xcconfig"; sourceTree = "<group>"; };
		2420A54B343F6F1844F16DC2 /* Pods_Pix500.framework */ = {isa = PBXFileReference; explicitFileType = wrapper.framework; includeInIndex = 0; path = Pods_Pix500.framework; sourceTree = BUILT_PRODUCTS_DIR; };
		6E4CBFEC4353B0ED69916552 /* Pods-Pix500.debug.xcconfig */ = {isa = PBXFileReference; includeInIndex = 1; lastKnownFileType = text.xcconfig; name = "Pods-Pix500.debug.xcconfig"; path = "Pods/Target Support Files/Pods-Pix500/Pods-Pix500.debug.xcconfig"; sourceTree = "<group>"; };
/* End PBXFileReference section */

/* Begin PBXFrameworksBuildPhase section */
		1936D7C91C911ECC00B5786E /* Frameworks */ = {
			isa = PBXFrameworksBuildPhase;
			buildActionMask = 2147483647;
			files = (
				1936D8121C91216000B5786E /* Realm.framework in Frameworks */,
			);
			runOnlyForDeploymentPostprocessing = 0;
		};
		1936D7DD1C911ECD00B5786E /* Frameworks */ = {
			isa = PBXFrameworksBuildPhase;
			buildActionMask = 2147483647;
			files = (
			);
			runOnlyForDeploymentPostprocessing = 0;
		};
		1936D7E81C911ECD00B5786E /* Frameworks */ = {
			isa = PBXFrameworksBuildPhase;
			buildActionMask = 2147483647;
			files = (
			);
			runOnlyForDeploymentPostprocessing = 0;
		};
/* End PBXFrameworksBuildPhase section */

/* Begin PBXGroup section */
		1936D7C31C911ECC00B5786E = {
			isa = PBXGroup;
			children = (
				19FDEC2B1C91513D00808CE4 /* OAuthSwift.xcodeproj */,
				1936D7CE1C911ECC00B5786E /* Pix500 */,
				1936D7E31C911ECD00B5786E /* Pix500Tests */,
				1936D7EE1C911ECD00B5786E /* Pix500UITests */,
				1936D7CD1C911ECC00B5786E /* Products */,
				D54EC2200A19F298F946C3BD /* Pods */,
				3DD1A5B2640D5214B3E3310E /* Frameworks */,
			);
			sourceTree = "<group>";
		};
		1936D7CD1C911ECC00B5786E /* Products */ = {
			isa = PBXGroup;
			children = (
				1936D7CC1C911ECC00B5786E /* Pix500.app */,
				1936D7E01C911ECD00B5786E /* Pix500Tests.xctest */,
				1936D7EB1C911ECD00B5786E /* Pix500UITests.xctest */,
			);
			name = Products;
			sourceTree = "<group>";
		};
		1936D7CE1C911ECC00B5786E /* Pix500 */ = {
			isa = PBXGroup;
			children = (
				1936D7CF1C911ECC00B5786E /* AppDelegate.swift */,
				1936D80B1C91208700B5786E /* RLMSupport.swift */,
				1936D7D81C911ECC00B5786E /* LaunchScreen.storyboard */,
				19FDEC291C914E2500808CE4 /* Services.plist */,
				1936D7D61C911ECC00B5786E /* Assets.xcassets */,
				1936D8071C91208700B5786E /* Frameworks */,
				1936D8271C9148CC00B5786E /* 3rdParty */,
				1936D8091C91208700B5786E /* General */,
				1936D80A1C91208700B5786E /* Model */,
				1936D80C1C91208700B5786E /* ViewControllers */,
				1936D80E1C91208700B5786E /* Views */,
			);
			path = Pix500;
			sourceTree = "<group>";
		};
		1936D7E31C911ECD00B5786E /* Pix500Tests */ = {
			isa = PBXGroup;
			children = (
				1936D7E41C911ECD00B5786E /* Pix500Tests.swift */,
				1936D7E61C911ECD00B5786E /* Info.plist */,
			);
			path = Pix500Tests;
			sourceTree = "<group>";
		};
		1936D7EE1C911ECD00B5786E /* Pix500UITests */ = {
			isa = PBXGroup;
			children = (
				1936D7EF1C911ECD00B5786E /* Pix500UITests.swift */,
				1936D7F11C911ECD00B5786E /* Info.plist */,
			);
			path = Pix500UITests;
			sourceTree = "<group>";
		};
		1936D8071C91208700B5786E /* Frameworks */ = {
			isa = PBXGroup;
			children = (
				1936D8081C91208700B5786E /* Realm.framework */,
			);
			path = Frameworks;
			sourceTree = "<group>";
		};
		1936D8091C91208700B5786E /* General */ = {
			isa = PBXGroup;
			children = (
				1936D7DB1C911ECC00B5786E /* Info.plist */,
			);
			path = General;
			sourceTree = "<group>";
		};
		1936D80A1C91208700B5786E /* Model */ = {
			isa = PBXGroup;
			children = (
			);
			path = Model;
			sourceTree = "<group>";
		};
		1936D80C1C91208700B5786E /* ViewControllers */ = {
			isa = PBXGroup;
			children = (
				1936D8181C9124AF00B5786E /* GridViewController */,
				1936D81A1C9124AF00B5786E /* ImageViewController */,
			);
			path = ViewControllers;
			sourceTree = "<group>";
		};
		1936D80E1C91208700B5786E /* Views */ = {
			isa = PBXGroup;
			children = (
				1936D8221C91304100B5786E /* GridViewCell */,
			);
			path = Views;
			sourceTree = "<group>";
		};
		1936D8181C9124AF00B5786E /* GridViewController */ = {
			isa = PBXGroup;
			children = (
				1936D8191C9124AF00B5786E /* GridViewController.swift */,
				1936D81E1C91252100B5786E /* GridViewController.xib */,
			);
			path = GridViewController;
			sourceTree = "<group>";
		};
		1936D81A1C9124AF00B5786E /* ImageViewController */ = {
			isa = PBXGroup;
			children = (
				1936D81B1C9124AF00B5786E /* ImageViewController.swift */,
				1936D8201C91253C00B5786E /* ImageViewController.xib */,
			);
			path = ImageViewController;
			sourceTree = "<group>";
		};
		1936D8221C91304100B5786E /* GridViewCell */ = {
			isa = PBXGroup;
			children = (
				1936D8231C91309000B5786E /* GridViewCell.xib */,
				1936D8251C9130B300B5786E /* GridViewCell.swift */,
			);
			path = GridViewCell;
			sourceTree = "<group>";
		};
		1936D8271C9148CC00B5786E /* 3rdParty */ = {
			isa = PBXGroup;
			children = (
			);
			path = 3rdParty;
			sourceTree = "<group>";
		};
		19FDEC2C1C91513D00808CE4 /* Products */ = {
			isa = PBXGroup;
			children = (
				19FDEC361C91513D00808CE4 /* OAuthSwift.framework */,
				19FDEC381C91513D00808CE4 /* OAuthSwiftDemo.app */,
				19FDEC3A1C91513D00808CE4 /* OAuthSwift.framework */,
				19FDEC3C1C91513D00808CE4 /* OAuthSwiftOSXDemo.app */,
				19FDEC3E1C91513D00808CE4 /* OAuthSwift.framework */,
				19FDEC401C91513D00808CE4 /* OAuthSwift.framework */,
				19FDEC421C91513D00808CE4 /* OAuthSwiftTests.xctest */,
			);
			name = Products;
			sourceTree = "<group>";
		};
		3DD1A5B2640D5214B3E3310E /* Frameworks */ = {
			isa = PBXGroup;
			children = (
				2420A54B343F6F1844F16DC2 /* Pods_Pix500.framework */,
			);
			name = Frameworks;
			sourceTree = "<group>";
		};
		D54EC2200A19F298F946C3BD /* Pods */ = {
			isa = PBXGroup;
			children = (
				6E4CBFEC4353B0ED69916552 /* Pods-Pix500.debug.xcconfig */,
				1ED2F2BB2B65965B3CCAA311 /* Pods-Pix500.release.xcconfig */,
			);
			name = Pods;
			sourceTree = "<group>";
		};
/* End PBXGroup section */

/* Begin PBXNativeTarget section */
		1936D7CB1C911ECC00B5786E /* Pix500 */ = {
			isa = PBXNativeTarget;
			buildConfigurationList = 1936D7F41C911ECD00B5786E /* Build configuration list for PBXNativeTarget "Pix500" */;
			buildPhases = (
				1936D7C81C911ECC00B5786E /* Sources */,
				1936D7C91C911ECC00B5786E /* Frameworks */,
				1936D7CA1C911ECC00B5786E /* Resources */,
				1936D8141C91216000B5786E /* Embed Frameworks */,
				1936D8151C91220C00B5786E /* ShellScript */,
			);
			buildRules = (
			);
			dependencies = (
				19FDEC441C91516700808CE4 /* PBXTargetDependency */,
			);
			name = Pix500;
			productName = Pix500;
			productReference = 1936D7CC1C911ECC00B5786E /* Pix500.app */;
			productType = "com.apple.product-type.application";
		};
		1936D7DF1C911ECD00B5786E /* Pix500Tests */ = {
			isa = PBXNativeTarget;
			buildConfigurationList = 1936D7F71C911ECD00B5786E /* Build configuration list for PBXNativeTarget "Pix500Tests" */;
			buildPhases = (
				1936D7DC1C911ECD00B5786E /* Sources */,
				1936D7DD1C911ECD00B5786E /* Frameworks */,
				1936D7DE1C911ECD00B5786E /* Resources */,
			);
			buildRules = (
			);
			dependencies = (
				1936D7E21C911ECD00B5786E /* PBXTargetDependency */,
			);
			name = Pix500Tests;
			productName = Pix500Tests;
			productReference = 1936D7E01C911ECD00B5786E /* Pix500Tests.xctest */;
			productType = "com.apple.product-type.bundle.unit-test";
		};
		1936D7EA1C911ECD00B5786E /* Pix500UITests */ = {
			isa = PBXNativeTarget;
			buildConfigurationList = 1936D7FA1C911ECD00B5786E /* Build configuration list for PBXNativeTarget "Pix500UITests" */;
			buildPhases = (
				1936D7E71C911ECD00B5786E /* Sources */,
				1936D7E81C911ECD00B5786E /* Frameworks */,
				1936D7E91C911ECD00B5786E /* Resources */,
			);
			buildRules = (
			);
			dependencies = (
				1936D7ED1C911ECD00B5786E /* PBXTargetDependency */,
			);
			name = Pix500UITests;
			productName = Pix500UITests;
			productReference = 1936D7EB1C911ECD00B5786E /* Pix500UITests.xctest */;
			productType = "com.apple.product-type.bundle.ui-testing";
		};
/* End PBXNativeTarget section */

/* Begin PBXProject section */
		1936D7C41C911ECC00B5786E /* Project object */ = {
			isa = PBXProject;
			attributes = {
				LastSwiftUpdateCheck = 0720;
				LastUpgradeCheck = 0720;
				ORGANIZATIONNAME = Pix500;
				TargetAttributes = {
					1936D7CB1C911ECC00B5786E = {
						CreatedOnToolsVersion = 7.2.1;
					};
					1936D7DF1C911ECD00B5786E = {
						CreatedOnToolsVersion = 7.2.1;
						TestTargetID = 1936D7CB1C911ECC00B5786E;
					};
					1936D7EA1C911ECD00B5786E = {
						CreatedOnToolsVersion = 7.2.1;
						TestTargetID = 1936D7CB1C911ECC00B5786E;
					};
				};
			};
			buildConfigurationList = 1936D7C71C911ECC00B5786E /* Build configuration list for PBXProject "Pix500" */;
			compatibilityVersion = "Xcode 3.2";
			developmentRegion = English;
			hasScannedForEncodings = 0;
			knownRegions = (
				en,
				Base,
			);
			mainGroup = 1936D7C31C911ECC00B5786E;
			productRefGroup = 1936D7CD1C911ECC00B5786E /* Products */;
			projectDirPath = "";
			projectReferences = (
				{
					ProductGroup = 19FDEC2C1C91513D00808CE4 /* Products */;
					ProjectRef = 19FDEC2B1C91513D00808CE4 /* OAuthSwift.xcodeproj */;
				},
			);
			projectRoot = "";
			targets = (
				1936D7CB1C911ECC00B5786E /* Pix500 */,
				1936D7DF1C911ECD00B5786E /* Pix500Tests */,
				1936D7EA1C911ECD00B5786E /* Pix500UITests */,
			);
		};
/* End PBXProject section */

/* Begin PBXReferenceProxy section */
		19FDEC361C91513D00808CE4 /* OAuthSwift.framework */ = {
			isa = PBXReferenceProxy;
			fileType = wrapper.framework;
			path = OAuthSwift.framework;
			remoteRef = 19FDEC351C91513D00808CE4 /* PBXContainerItemProxy */;
			sourceTree = BUILT_PRODUCTS_DIR;
		};
		19FDEC381C91513D00808CE4 /* OAuthSwiftDemo.app */ = {
			isa = PBXReferenceProxy;
			fileType = wrapper.application;
			path = OAuthSwiftDemo.app;
			remoteRef = 19FDEC371C91513D00808CE4 /* PBXContainerItemProxy */;
			sourceTree = BUILT_PRODUCTS_DIR;
		};
		19FDEC3A1C91513D00808CE4 /* OAuthSwift.framework */ = {
			isa = PBXReferenceProxy;
			fileType = wrapper.framework;
			path = OAuthSwift.framework;
			remoteRef = 19FDEC391C91513D00808CE4 /* PBXContainerItemProxy */;
			sourceTree = BUILT_PRODUCTS_DIR;
		};
		19FDEC3C1C91513D00808CE4 /* OAuthSwiftOSXDemo.app */ = {
			isa = PBXReferenceProxy;
			fileType = wrapper.application;
			path = OAuthSwiftOSXDemo.app;
			remoteRef = 19FDEC3B1C91513D00808CE4 /* PBXContainerItemProxy */;
			sourceTree = BUILT_PRODUCTS_DIR;
		};
		19FDEC3E1C91513D00808CE4 /* OAuthSwift.framework */ = {
			isa = PBXReferenceProxy;
			fileType = wrapper.framework;
			path = OAuthSwift.framework;
			remoteRef = 19FDEC3D1C91513D00808CE4 /* PBXContainerItemProxy */;
			sourceTree = BUILT_PRODUCTS_DIR;
		};
		19FDEC401C91513D00808CE4 /* OAuthSwift.framework */ = {
			isa = PBXReferenceProxy;
			fileType = wrapper.framework;
			path = OAuthSwift.framework;
			remoteRef = 19FDEC3F1C91513D00808CE4 /* PBXContainerItemProxy */;
			sourceTree = BUILT_PRODUCTS_DIR;
		};
		19FDEC421C91513D00808CE4 /* OAuthSwiftTests.xctest */ = {
			isa = PBXReferenceProxy;
			fileType = wrapper.cfbundle;
			path = OAuthSwiftTests.xctest;
			remoteRef = 19FDEC411C91513D00808CE4 /* PBXContainerItemProxy */;
			sourceTree = BUILT_PRODUCTS_DIR;
		};
/* End PBXReferenceProxy section */

/* Begin PBXResourcesBuildPhase section */
		1936D7CA1C911ECC00B5786E /* Resources */ = {
			isa = PBXResourcesBuildPhase;
			buildActionMask = 2147483647;
			files = (
				19FDEC2A1C914E2500808CE4 /* Services.plist in Resources */,
				1936D7DA1C911ECC00B5786E /* LaunchScreen.storyboard in Resources */,
				1936D8241C91309000B5786E /* GridViewCell.xib in Resources */,
				1936D7D71C911ECC00B5786E /* Assets.xcassets in Resources */,
				1936D8211C91253C00B5786E /* ImageViewController.xib in Resources */,
				1936D81F1C91252100B5786E /* GridViewController.xib in Resources */,
			);
			runOnlyForDeploymentPostprocessing = 0;
		};
		1936D7DE1C911ECD00B5786E /* Resources */ = {
			isa = PBXResourcesBuildPhase;
			buildActionMask = 2147483647;
			files = (
			);
			runOnlyForDeploymentPostprocessing = 0;
		};
		1936D7E91C911ECD00B5786E /* Resources */ = {
			isa = PBXResourcesBuildPhase;
			buildActionMask = 2147483647;
			files = (
			);
			runOnlyForDeploymentPostprocessing = 0;
		};
/* End PBXResourcesBuildPhase section */

/* Begin PBXShellScriptBuildPhase section */
		1936D8151C91220C00B5786E /* ShellScript */ = {
			isa = PBXShellScriptBuildPhase;
			buildActionMask = 2147483647;
			files = (
			);
			inputPaths = (
			);
			outputPaths = (
			);
			runOnlyForDeploymentPostprocessing = 0;
			shellPath = /bin/sh;
			shellScript = "bash \"${BUILT_PRODUCTS_DIR}/${FRAMEWORKS_FOLDER_PATH}/Realm.framework/strip-frameworks.sh\"";
		};
/* End PBXShellScriptBuildPhase section */

/* Begin PBXSourcesBuildPhase section */
		1936D7C81C911ECC00B5786E /* Sources */ = {
			isa = PBXSourcesBuildPhase;
			buildActionMask = 2147483647;
			files = (
				1936D7D01C911ECC00B5786E /* AppDelegate.swift in Sources */,
				1936D8261C9130B300B5786E /* GridViewCell.swift in Sources */,
				1936D8101C91208700B5786E /* RLMSupport.swift in Sources */,
				1936D81D1C9124AF00B5786E /* ImageViewController.swift in Sources */,
				1936D81C1C9124AF00B5786E /* GridViewController.swift in Sources */,
			);
			runOnlyForDeploymentPostprocessing = 0;
		};
		1936D7DC1C911ECD00B5786E /* Sources */ = {
			isa = PBXSourcesBuildPhase;
			buildActionMask = 2147483647;
			files = (
				1936D7E51C911ECD00B5786E /* Pix500Tests.swift in Sources */,
			);
			runOnlyForDeploymentPostprocessing = 0;
		};
		1936D7E71C911ECD00B5786E /* Sources */ = {
			isa = PBXSourcesBuildPhase;
			buildActionMask = 2147483647;
			files = (
				1936D7F01C911ECD00B5786E /* Pix500UITests.swift in Sources */,
			);
			runOnlyForDeploymentPostprocessing = 0;
		};
/* End PBXSourcesBuildPhase section */

/* Begin PBXTargetDependency section */
		1936D7E21C911ECD00B5786E /* PBXTargetDependency */ = {
			isa = PBXTargetDependency;
			target = 1936D7CB1C911ECC00B5786E /* Pix500 */;
			targetProxy = 1936D7E11C911ECD00B5786E /* PBXContainerItemProxy */;
		};
		1936D7ED1C911ECD00B5786E /* PBXTargetDependency */ = {
			isa = PBXTargetDependency;
			target = 1936D7CB1C911ECC00B5786E /* Pix500 */;
			targetProxy = 1936D7EC1C911ECD00B5786E /* PBXContainerItemProxy */;
		};
		19FDEC441C91516700808CE4 /* PBXTargetDependency */ = {
			isa = PBXTargetDependency;
			name = OAuthSwift;
			targetProxy = 19FDEC431C91516700808CE4 /* PBXContainerItemProxy */;
		};
/* End PBXTargetDependency section */

/* Begin PBXVariantGroup section */
		1936D7D81C911ECC00B5786E /* LaunchScreen.storyboard */ = {
			isa = PBXVariantGroup;
			children = (
				1936D7D91C911ECC00B5786E /* Base */,
			);
			name = LaunchScreen.storyboard;
			sourceTree = "<group>";
		};
/* End PBXVariantGroup section */

/* Begin XCBuildConfiguration section */
		1936D7F21C911ECD00B5786E /* Debug */ = {
			isa = XCBuildConfiguration;
			buildSettings = {
				ALWAYS_SEARCH_USER_PATHS = NO;
				CLANG_CXX_LANGUAGE_STANDARD = "gnu++0x";
				CLANG_CXX_LIBRARY = "libc++";
				CLANG_ENABLE_MODULES = YES;
				CLANG_ENABLE_OBJC_ARC = YES;
				CLANG_WARN_BOOL_CONVERSION = YES;
				CLANG_WARN_CONSTANT_CONVERSION = YES;
				CLANG_WARN_DIRECT_OBJC_ISA_USAGE = YES_ERROR;
				CLANG_WARN_EMPTY_BODY = YES;
				CLANG_WARN_ENUM_CONVERSION = YES;
				CLANG_WARN_INT_CONVERSION = YES;
				CLANG_WARN_OBJC_ROOT_CLASS = YES_ERROR;
				CLANG_WARN_UNREACHABLE_CODE = YES;
				CLANG_WARN__DUPLICATE_METHOD_MATCH = YES;
				"CODE_SIGN_IDENTITY[sdk=iphoneos*]" = "iPhone Developer";
				COPY_PHASE_STRIP = NO;
				DEBUG_INFORMATION_FORMAT = dwarf;
				ENABLE_STRICT_OBJC_MSGSEND = YES;
				ENABLE_TESTABILITY = YES;
				GCC_C_LANGUAGE_STANDARD = gnu99;
				GCC_DYNAMIC_NO_PIC = NO;
				GCC_NO_COMMON_BLOCKS = YES;
				GCC_OPTIMIZATION_LEVEL = 0;
				GCC_PREPROCESSOR_DEFINITIONS = (
					"DEBUG=1",
					"$(inherited)",
				);
				GCC_WARN_64_TO_32_BIT_CONVERSION = YES;
				GCC_WARN_ABOUT_RETURN_TYPE = YES_ERROR;
				GCC_WARN_UNDECLARED_SELECTOR = YES;
				GCC_WARN_UNINITIALIZED_AUTOS = YES_AGGRESSIVE;
				GCC_WARN_UNUSED_FUNCTION = YES;
				GCC_WARN_UNUSED_VARIABLE = YES;
				IPHONEOS_DEPLOYMENT_TARGET = 9.2;
				MTL_ENABLE_DEBUG_INFO = YES;
				ONLY_ACTIVE_ARCH = YES;
				SDKROOT = iphoneos;
				SWIFT_OPTIMIZATION_LEVEL = "-Onone";
				TARGETED_DEVICE_FAMILY = "1,2";
			};
			name = Debug;
		};
		1936D7F31C911ECD00B5786E /* Release */ = {
			isa = XCBuildConfiguration;
			buildSettings = {
				ALWAYS_SEARCH_USER_PATHS = NO;
				CLANG_CXX_LANGUAGE_STANDARD = "gnu++0x";
				CLANG_CXX_LIBRARY = "libc++";
				CLANG_ENABLE_MODULES = YES;
				CLANG_ENABLE_OBJC_ARC = YES;
				CLANG_WARN_BOOL_CONVERSION = YES;
				CLANG_WARN_CONSTANT_CONVERSION = YES;
				CLANG_WARN_DIRECT_OBJC_ISA_USAGE = YES_ERROR;
				CLANG_WARN_EMPTY_BODY = YES;
				CLANG_WARN_ENUM_CONVERSION = YES;
				CLANG_WARN_INT_CONVERSION = YES;
				CLANG_WARN_OBJC_ROOT_CLASS = YES_ERROR;
				CLANG_WARN_UNREACHABLE_CODE = YES;
				CLANG_WARN__DUPLICATE_METHOD_MATCH = YES;
				"CODE_SIGN_IDENTITY[sdk=iphoneos*]" = "iPhone Developer";
				COPY_PHASE_STRIP = NO;
				DEBUG_INFORMATION_FORMAT = "dwarf-with-dsym";
				ENABLE_NS_ASSERTIONS = NO;
				ENABLE_STRICT_OBJC_MSGSEND = YES;
				GCC_C_LANGUAGE_STANDARD = gnu99;
				GCC_NO_COMMON_BLOCKS = YES;
				GCC_WARN_64_TO_32_BIT_CONVERSION = YES;
				GCC_WARN_ABOUT_RETURN_TYPE = YES_ERROR;
				GCC_WARN_UNDECLARED_SELECTOR = YES;
				GCC_WARN_UNINITIALIZED_AUTOS = YES_AGGRESSIVE;
				GCC_WARN_UNUSED_FUNCTION = YES;
				GCC_WARN_UNUSED_VARIABLE = YES;
				IPHONEOS_DEPLOYMENT_TARGET = 9.2;
				MTL_ENABLE_DEBUG_INFO = NO;
				SDKROOT = iphoneos;
				TARGETED_DEVICE_FAMILY = "1,2";
				VALIDATE_PRODUCT = YES;
			};
			name = Release;
		};
		1936D7F51C911ECD00B5786E /* Debug */ = {
			isa = XCBuildConfiguration;
			baseConfigurationReference = 6E4CBFEC4353B0ED69916552 /* Pods-Pix500.debug.xcconfig */;
			buildSettings = {
				ASSETCATALOG_COMPILER_APPICON_NAME = AppIcon;
				FRAMEWORK_SEARCH_PATHS = (
					"$(inherited)",
					"$(PROJECT_DIR)/Frameworks",
					"$(PROJECT_DIR)/Pix500/Frameworks",
				);
				INFOPLIST_FILE = Pix500/Info.plist;
				LD_RUNPATH_SEARCH_PATHS = "$(inherited) @executable_path/Frameworks";
				PRODUCT_BUNDLE_IDENTIFIER = com.pix.Pix500;
				PRODUCT_NAME = "$(TARGET_NAME)";
			};
			name = Debug;
		};
		1936D7F61C911ECD00B5786E /* Release */ = {
			isa = XCBuildConfiguration;
			baseConfigurationReference = 1ED2F2BB2B65965B3CCAA311 /* Pods-Pix500.release.xcconfig */;
			buildSettings = {
				ASSETCATALOG_COMPILER_APPICON_NAME = AppIcon;
				FRAMEWORK_SEARCH_PATHS = (
					"$(inherited)",
					"$(PROJECT_DIR)/Frameworks",
					"$(PROJECT_DIR)/Pix500/Frameworks",
				);
				INFOPLIST_FILE = Pix500/Info.plist;
				LD_RUNPATH_SEARCH_PATHS = "$(inherited) @executable_path/Frameworks";
				PRODUCT_BUNDLE_IDENTIFIER = com.pix.Pix500;
				PRODUCT_NAME = "$(TARGET_NAME)";
			};
			name = Release;
		};
		1936D7F81C911ECD00B5786E /* Debug */ = {
			isa = XCBuildConfiguration;
			buildSettings = {
				BUNDLE_LOADER = "$(TEST_HOST)";
				INFOPLIST_FILE = Pix500Tests/Info.plist;
				LD_RUNPATH_SEARCH_PATHS = "$(inherited) @executable_path/Frameworks @loader_path/Frameworks";
				PRODUCT_BUNDLE_IDENTIFIER = com.pix.Pix500Tests;
				PRODUCT_NAME = "$(TARGET_NAME)";
				TEST_HOST = "$(BUILT_PRODUCTS_DIR)/Pix500.app/Pix500";
			};
			name = Debug;
		};
		1936D7F91C911ECD00B5786E /* Release */ = {
			isa = XCBuildConfiguration;
			buildSettings = {
				BUNDLE_LOADER = "$(TEST_HOST)";
				INFOPLIST_FILE = Pix500Tests/Info.plist;
				LD_RUNPATH_SEARCH_PATHS = "$(inherited) @executable_path/Frameworks @loader_path/Frameworks";
				PRODUCT_BUNDLE_IDENTIFIER = com.pix.Pix500Tests;
				PRODUCT_NAME = "$(TARGET_NAME)";
				TEST_HOST = "$(BUILT_PRODUCTS_DIR)/Pix500.app/Pix500";
			};
			name = Release;
		};
		1936D7FB1C911ECD00B5786E /* Debug */ = {
			isa = XCBuildConfiguration;
			buildSettings = {
				INFOPLIST_FILE = Pix500UITests/Info.plist;
				LD_RUNPATH_SEARCH_PATHS = "$(inherited) @executable_path/Frameworks @loader_path/Frameworks";
				PRODUCT_BUNDLE_IDENTIFIER = com.pix.Pix500UITests;
				PRODUCT_NAME = "$(TARGET_NAME)";
				TEST_TARGET_NAME = Pix500;
				USES_XCTRUNNER = YES;
			};
			name = Debug;
		};
		1936D7FC1C911ECD00B5786E /* Release */ = {
			isa = XCBuildConfiguration;
			buildSettings = {
				INFOPLIST_FILE = Pix500UITests/Info.plist;
				LD_RUNPATH_SEARCH_PATHS = "$(inherited) @executable_path/Frameworks @loader_path/Frameworks";
				PRODUCT_BUNDLE_IDENTIFIER = com.pix.Pix500UITests;
				PRODUCT_NAME = "$(TARGET_NAME)";
				TEST_TARGET_NAME = Pix500;
				USES_XCTRUNNER = YES;
			};
			name = Release;
		};
/* End XCBuildConfiguration section */

/* Begin XCConfigurationList section */
		1936D7C71C911ECC00B5786E /* Build configuration list for PBXProject "Pix500" */ = {
			isa = XCConfigurationList;
			buildConfigurations = (
				1936D7F21C911ECD00B5786E /* Debug */,
				1936D7F31C911ECD00B5786E /* Release */,
			);
			defaultConfigurationIsVisible = 0;
			defaultConfigurationName = Release;
		};
		1936D7F41C911ECD00B5786E /* Build configuration list for PBXNativeTarget "Pix500" */ = {
			isa = XCConfigurationList;
			buildConfigurations = (
				1936D7F51C911ECD00B5786E /* Debug */,
				1936D7F61C911ECD00B5786E /* Release */,
			);
			defaultConfigurationIsVisible = 0;
			defaultConfigurationName = Release;
		};
		1936D7F71C911ECD00B5786E /* Build configuration list for PBXNativeTarget "Pix500Tests" */ = {
			isa = XCConfigurationList;
			buildConfigurations = (
				1936D7F81C911ECD00B5786E /* Debug */,
				1936D7F91C911ECD00B5786E /* Release */,
			);
			defaultConfigurationIsVisible = 0;
			defaultConfigurationName = Release;
		};
		1936D7FA1C911ECD00B5786E /* Build configuration list for PBXNativeTarget "Pix500UITests" */ = {
			isa = XCConfigurationList;
			buildConfigurations = (
				1936D7FB1C911ECD00B5786E /* Debug */,
				1936D7FC1C911ECD00B5786E /* Release */,
			);
			defaultConfigurationIsVisible = 0;
			defaultConfigurationName = Release;
		};
/* End XCConfigurationList section */
	};
	rootObject = 1936D7C41C911ECC00B5786E /* Project object */;
}
