// !$*UTF8*$!
{
	archiveVersion = 1;
	classes = {
	};
	objectVersion = 46;
	objects = {

/* Begin PBXBuildFile section */
		1936D7D01C911ECC00B5786E /* AppDelegate.swift in Sources */ = {isa = PBXBuildFile; fileRef = 1936D7CF1C911ECC00B5786E /* AppDelegate.swift */; };
		1936D7D21C911ECC00B5786E /* ViewController.swift in Sources */ = {isa = PBXBuildFile; fileRef = 1936D7D11C911ECC00B5786E /* ViewController.swift */; };
		1936D7D51C911ECC00B5786E /* Main.storyboard in Resources */ = {isa = PBXBuildFile; fileRef = 1936D7D31C911ECC00B5786E /* Main.storyboard */; };
		1936D7D71C911ECC00B5786E /* Assets.xcassets in Resources */ = {isa = PBXBuildFile; fileRef = 1936D7D61C911ECC00B5786E /* Assets.xcassets */; };
		1936D7DA1C911ECC00B5786E /* LaunchScreen.storyboard in Resources */ = {isa = PBXBuildFile; fileRef = 1936D7D81C911ECC00B5786E /* LaunchScreen.storyboard */; };
		1936D7E51C911ECD00B5786E /* Pix500Tests.swift in Sources */ = {isa = PBXBuildFile; fileRef = 1936D7E41C911ECD00B5786E /* Pix500Tests.swift */; };
		1936D7F01C911ECD00B5786E /* Pix500UITests.swift in Sources */ = {isa = PBXBuildFile; fileRef = 1936D7EF1C911ECD00B5786E /* Pix500UITests.swift */; };
/* End PBXBuildFile section */

/* Begin PBXContainerItemProxy section */
		1936D7E11C911ECD00B5786E /* PBXContainerItemProxy */ = {
			isa = PBXContainerItemProxy;
			containerPortal = 1936D7C41C911ECC00B5786E /* Project object */;
			proxyType = 1;
			remoteGlobalIDString = 1936D7CB1C911ECC00B5786E;
			remoteInfo = Pix500;
		};
		1936D7EC1C911ECD00B5786E /* PBXContainerItemProxy */ = {
			isa = PBXContainerItemProxy;
			containerPortal = 1936D7C41C911ECC00B5786E /* Project object */;
			proxyType = 1;
			remoteGlobalIDString = 1936D7CB1C911ECC00B5786E;
			remoteInfo = Pix500;
		};
/* End PBXContainerItemProxy section */

/* Begin PBXFileReference section */
		1936D7CC1C911ECC00B5786E /* Pix500.app */ = {isa = PBXFileReference; explicitFileType = wrapper.application; includeInIndex = 0; path = Pix500.app; sourceTree = BUILT_PRODUCTS_DIR; };
		1936D7CF1C911ECC00B5786E /* AppDelegate.swift */ = {isa = PBXFileReference; lastKnownFileType = sourcecode.swift; path = AppDelegate.swift; sourceTree = "<group>"; };
		1936D7D11C911ECC00B5786E /* ViewController.swift */ = {isa = PBXFileReference; lastKnownFileType = sourcecode.swift; path = ViewController.swift; sourceTree = "<group>"; };
		1936D7D41C911ECC00B5786E /* Base */ = {isa = PBXFileReference; lastKnownFileType = file.storyboard; name = Base; path = Base.lproj/Main.storyboard; sourceTree = "<group>"; };
		1936D7D61C911ECC00B5786E /* Assets.xcassets */ = {isa = PBXFileReference; lastKnownFileType = folder.assetcatalog; path = Assets.xcassets; sourceTree = "<group>"; };
		1936D7D91C911ECC00B5786E /* Base */ = {isa = PBXFileReference; lastKnownFileType = file.storyboard; name = Base; path = Base.lproj/LaunchScreen.storyboard; sourceTree = "<group>"; };
		1936D7DB1C911ECC00B5786E /* Info.plist */ = {isa = PBXFileReference; lastKnownFileType = text.plist.xml; path = Info.plist; sourceTree = "<group>"; };
		1936D7E01C911ECD00B5786E /* Pix500Tests.xctest */ = {isa = PBXFileReference; explicitFileType = wrapper.cfbundle; includeInIndex = 0; path = Pix500Tests.xctest; sourceTree = BUILT_PRODUCTS_DIR; };
		1936D7E41C911ECD00B5786E /* Pix500Tests.swift */ = {isa = PBXFileReference; lastKnownFileType = sourcecode.swift; path = Pix500Tests.swift; sourceTree = "<group>"; };
		1936D7E61C911ECD00B5786E /* Info.plist */ = {isa = PBXFileReference; lastKnownFileType = text.plist.xml; path = Info.plist; sourceTree = "<group>"; };
		1936D7EB1C911ECD00B5786E /* Pix500UITests.xctest */ = {isa = PBXFileReference; explicitFileType = wrapper.cfbundle; includeInIndex = 0; path = Pix500UITests.xctest; sourceTree = BUILT_PRODUCTS_DIR; };
		1936D7EF1C911ECD00B5786E /* Pix500UITests.swift */ = {isa = PBXFileReference; lastKnownFileType = sourcecode.swift; path = Pix500UITests.swift; sourceTree = "<group>"; };
		1936D7F11C911ECD00B5786E /* Info.plist */ = {isa = PBXFileReference; lastKnownFileType = text.plist.xml; path = Info.plist; sourceTree = "<group>"; };
/* End PBXFileReference section */

/* Begin PBXFrameworksBuildPhase section */
		1936D7C91C911ECC00B5786E /* Frameworks */ = {
			isa = PBXFrameworksBuildPhase;
			buildActionMask = 2147483647;
			files = (
			);
			runOnlyForDeploymentPostprocessing = 0;
		};
		1936D7DD1C911ECD00B5786E /* Frameworks */ = {
			isa = PBXFrameworksBuildPhase;
			buildActionMask = 2147483647;
			files = (
			);
			runOnlyForDeploymentPostprocessing = 0;
		};
		1936D7E81C911ECD00B5786E /* Frameworks */ = {
			isa = PBXFrameworksBuildPhase;
			buildActionMask = 2147483647;
			files = (
			);
			runOnlyForDeploymentPostprocessing = 0;
		};
/* End PBXFrameworksBuildPhase section */

/* Begin PBXGroup section */
		1936D7C31C911ECC00B5786E = {
			isa = PBXGroup;
			children = (
				1936D7CE1C911ECC00B5786E /* Pix500 */,
				1936D7E31C911ECD00B5786E /* Pix500Tests */,
				1936D7EE1C911ECD00B5786E /* Pix500UITests */,
				1936D7CD1C911ECC00B5786E /* Products */,
			);
			sourceTree = "<group>";
		};
		1936D7CD1C911ECC00B5786E /* Products */ = {
			isa = PBXGroup;
			children = (
				1936D7CC1C911ECC00B5786E /* Pix500.app */,
				1936D7E01C911ECD00B5786E /* Pix500Tests.xctest */,
				1936D7EB1C911ECD00B5786E /* Pix500UITests.xctest */,
			);
			name = Products;
			sourceTree = "<group>";
		};
		1936D7CE1C911ECC00B5786E /* Pix500 */ = {
			isa = PBXGroup;
			children = (
				1936D7CF1C911ECC00B5786E /* AppDelegate.swift */,
				1936D7D11C911ECC00B5786E /* ViewController.swift */,
				1936D7D31C911ECC00B5786E /* Main.storyboard */,
				1936D7D61C911ECC00B5786E /* Assets.xcassets */,
				1936D7D81C911ECC00B5786E /* LaunchScreen.storyboard */,
				1936D7DB1C911ECC00B5786E /* Info.plist */,
			);
			path = Pix500;
			sourceTree = "<group>";
		};
		1936D7E31C911ECD00B5786E /* Pix500Tests */ = {
			isa = PBXGroup;
			children = (
				1936D7E41C911ECD00B5786E /* Pix500Tests.swift */,
				1936D7E61C911ECD00B5786E /* Info.plist */,
			);
			path = Pix500Tests;
			sourceTree = "<group>";
		};
		1936D7EE1C911ECD00B5786E /* Pix500UITests */ = {
			isa = PBXGroup;
			children = (
				1936D7EF1C911ECD00B5786E /* Pix500UITests.swift */,
				1936D7F11C911ECD00B5786E /* Info.plist */,
			);
			path = Pix500UITests;
			sourceTree = "<group>";
		};
/* End PBXGroup section */

/* Begin PBXNativeTarget section */
		1936D7CB1C911ECC00B5786E /* Pix500 */ = {
			isa = PBXNativeTarget;
			buildConfigurationList = 1936D7F41C911ECD00B5786E /* Build configuration list for PBXNativeTarget "Pix500" */;
			buildPhases = (
				1936D7C81C911ECC00B5786E /* Sources */,
				1936D7C91C911ECC00B5786E /* Frameworks */,
				1936D7CA1C911ECC00B5786E /* Resources */,
			);
			buildRules = (
			);
			dependencies = (
			);
			name = Pix500;
			productName = Pix500;
			productReference = 1936D7CC1C911ECC00B5786E /* Pix500.app */;
			productType = "com.apple.product-type.application";
		};
		1936D7DF1C911ECD00B5786E /* Pix500Tests */ = {
			isa = PBXNativeTarget;
			buildConfigurationList = 1936D7F71C911ECD00B5786E /* Build configuration list for PBXNativeTarget "Pix500Tests" */;
			buildPhases = (
				1936D7DC1C911ECD00B5786E /* Sources */,
				1936D7DD1C911ECD00B5786E /* Frameworks */,
				1936D7DE1C911ECD00B5786E /* Resources */,
			);
			buildRules = (
			);
			dependencies = (
				1936D7E21C911ECD00B5786E /* PBXTargetDependency */,
			);
			name = Pix500Tests;
			productName = Pix500Tests;
			productReference = 1936D7E01C911ECD00B5786E /* Pix500Tests.xctest */;
			productType = "com.apple.product-type.bundle.unit-test";
		};
		1936D7EA1C911ECD00B5786E /* Pix500UITests */ = {
			isa = PBXNativeTarget;
			buildConfigurationList = 1936D7FA1C911ECD00B5786E /* Build configuration list for PBXNativeTarget "Pix500UITests" */;
			buildPhases = (
				1936D7E71C911ECD00B5786E /* Sources */,
				1936D7E81C911ECD00B5786E /* Frameworks */,
				1936D7E91C911ECD00B5786E /* Resources */,
			);
			buildRules = (
			);
			dependencies = (
				1936D7ED1C911ECD00B5786E /* PBXTargetDependency */,
			);
			name = Pix500UITests;
			productName = Pix500UITests;
			productReference = 1936D7EB1C911ECD00B5786E /* Pix500UITests.xctest */;
			productType = "com.apple.product-type.bundle.ui-testing";
		};
/* End PBXNativeTarget section */

/* Begin PBXProject section */
		1936D7C41C911ECC00B5786E /* Project object */ = {
			isa = PBXProject;
			attributes = {
				LastSwiftUpdateCheck = 0720;
				LastUpgradeCheck = 0720;
				ORGANIZATIONNAME = Pix500;
				TargetAttributes = {
					1936D7CB1C911ECC00B5786E = {
						CreatedOnToolsVersion = 7.2.1;
					};
					1936D7DF1C911ECD00B5786E = {
						CreatedOnToolsVersion = 7.2.1;
						TestTargetID = 1936D7CB1C911ECC00B5786E;
					};
					1936D7EA1C911ECD00B5786E = {
						CreatedOnToolsVersion = 7.2.1;
						TestTargetID = 1936D7CB1C911ECC00B5786E;
					};
				};
			};
			buildConfigurationList = 1936D7C71C911ECC00B5786E /* Build configuration list for PBXProject "Pix500" */;
			compatibilityVersion = "Xcode 3.2";
			developmentRegion = English;
			hasScannedForEncodings = 0;
			knownRegions = (
				en,
				Base,
			);
			mainGroup = 1936D7C31C911ECC00B5786E;
			productRefGroup = 1936D7CD1C911ECC00B5786E /* Products */;
			projectDirPath = "";
			projectRoot = "";
			targets = (
				1936D7CB1C911ECC00B5786E /* Pix500 */,
				1936D7DF1C911ECD00B5786E /* Pix500Tests */,
				1936D7EA1C911ECD00B5786E /* Pix500UITests */,
			);
		};
/* End PBXProject section */

/* Begin PBXResourcesBuildPhase section */
		1936D7CA1C911ECC00B5786E /* Resources */ = {
			isa = PBXResourcesBuildPhase;
			buildActionMask = 2147483647;
			files = (
				1936D7DA1C911ECC00B5786E /* LaunchScreen.storyboard in Resources */,
				1936D7D71C911ECC00B5786E /* Assets.xcassets in Resources */,
				1936D7D51C911ECC00B5786E /* Main.storyboard in Resources */,
			);
			runOnlyForDeploymentPostprocessing = 0;
		};
		1936D7DE1C911ECD00B5786E /* Resources */ = {
			isa = PBXResourcesBuildPhase;
			buildActionMask = 2147483647;
			files = (
			);
			runOnlyForDeploymentPostprocessing = 0;
		};
		1936D7E91C911ECD00B5786E /* Resources */ = {
			isa = PBXResourcesBuildPhase;
			buildActionMask = 2147483647;
			files = (
			);
			runOnlyForDeploymentPostprocessing = 0;
		};
/* End PBXResourcesBuildPhase section */

/* Begin PBXSourcesBuildPhase section */
		1936D7C81C911ECC00B5786E /* Sources */ = {
			isa = PBXSourcesBuildPhase;
			buildActionMask = 2147483647;
			files = (
				1936D7D21C911ECC00B5786E /* ViewController.swift in Sources */,
				1936D7D01C911ECC00B5786E /* AppDelegate.swift in Sources */,
			);
			runOnlyForDeploymentPostprocessing = 0;
		};
		1936D7DC1C911ECD00B5786E /* Sources */ = {
			isa = PBXSourcesBuildPhase;
			buildActionMask = 2147483647;
			files = (
				1936D7E51C911ECD00B5786E /* Pix500Tests.swift in Sources */,
			);
			runOnlyForDeploymentPostprocessing = 0;
		};
		1936D7E71C911ECD00B5786E /* Sources */ = {
			isa = PBXSourcesBuildPhase;
			buildActionMask = 2147483647;
			files = (
				1936D7F01C911ECD00B5786E /* Pix500UITests.swift in Sources */,
			);
			runOnlyForDeploymentPostprocessing = 0;
		};
/* End PBXSourcesBuildPhase section */

/* Begin PBXTargetDependency section */
		1936D7E21C911ECD00B5786E /* PBXTargetDependency */ = {
			isa = PBXTargetDependency;
			target = 1936D7CB1C911ECC00B5786E /* Pix500 */;
			targetProxy = 1936D7E11C911ECD00B5786E /* PBXContainerItemProxy */;
		};
		1936D7ED1C911ECD00B5786E /* PBXTargetDependency */ = {
			isa = PBXTargetDependency;
			target = 1936D7CB1C911ECC00B5786E /* Pix500 */;
			targetProxy = 1936D7EC1C911ECD00B5786E /* PBXContainerItemProxy */;
		};
/* End PBXTargetDependency section */

/* Begin PBXVariantGroup section */
		1936D7D31C911ECC00B5786E /* Main.storyboard */ = {
			isa = PBXVariantGroup;
			children = (
				1936D7D41C911ECC00B5786E /* Base */,
			);
			name = Main.storyboard;
			sourceTree = "<group>";
		};
		1936D7D81C911ECC00B5786E /* LaunchScreen.storyboard */ = {
			isa = PBXVariantGroup;
			children = (
				1936D7D91C911ECC00B5786E /* Base */,
			);
			name = LaunchScreen.storyboard;
			sourceTree = "<group>";
		};
/* End PBXVariantGroup section */

/* Begin XCBuildConfiguration section */
		1936D7F21C911ECD00B5786E /* Debug */ = {
			isa = XCBuildConfiguration;
			buildSettings = {
				ALWAYS_SEARCH_USER_PATHS = NO;
				CLANG_CXX_LANGUAGE_STANDARD = "gnu++0x";
				CLANG_CXX_LIBRARY = "libc++";
				CLANG_ENABLE_MODULES = YES;
				CLANG_ENABLE_OBJC_ARC = YES;
				CLANG_WARN_BOOL_CONVERSION = YES;
				CLANG_WARN_CONSTANT_CONVERSION = YES;
				CLANG_WARN_DIRECT_OBJC_ISA_USAGE = YES_ERROR;
				CLANG_WARN_EMPTY_BODY = YES;
				CLANG_WARN_ENUM_CONVERSION = YES;
				CLANG_WARN_INT_CONVERSION = YES;
				CLANG_WARN_OBJC_ROOT_CLASS = YES_ERROR;
				CLANG_WARN_UNREACHABLE_CODE = YES;
				CLANG_WARN__DUPLICATE_METHOD_MATCH = YES;
				"CODE_SIGN_IDENTITY[sdk=iphoneos*]" = "iPhone Developer";
				COPY_PHASE_STRIP = NO;
				DEBUG_INFORMATION_FORMAT = dwarf;
				ENABLE_STRICT_OBJC_MSGSEND = YES;
				ENABLE_TESTABILITY = YES;
				GCC_C_LANGUAGE_STANDARD = gnu99;
				GCC_DYNAMIC_NO_PIC = NO;
				GCC_NO_COMMON_BLOCKS = YES;
				GCC_OPTIMIZATION_LEVEL = 0;
				GCC_PREPROCESSOR_DEFINITIONS = (
					"DEBUG=1",
					"$(inherited)",
				);
				GCC_WARN_64_TO_32_BIT_CONVERSION = YES;
				GCC_WARN_ABOUT_RETURN_TYPE = YES_ERROR;
				GCC_WARN_UNDECLARED_SELECTOR = YES;
				GCC_WARN_UNINITIALIZED_AUTOS = YES_AGGRESSIVE;
				GCC_WARN_UNUSED_FUNCTION = YES;
				GCC_WARN_UNUSED_VARIABLE = YES;
				IPHONEOS_DEPLOYMENT_TARGET = 9.2;
				MTL_ENABLE_DEBUG_INFO = YES;
				ONLY_ACTIVE_ARCH = YES;
				SDKROOT = iphoneos;
				SWIFT_OPTIMIZATION_LEVEL = "-Onone";
				TARGETED_DEVICE_FAMILY = "1,2";
			};
			name = Debug;
		};
		1936D7F31C911ECD00B5786E /* Release */ = {
			isa = XCBuildConfiguration;
			buildSettings = {
				ALWAYS_SEARCH_USER_PATHS = NO;
				CLANG_CXX_LANGUAGE_STANDARD = "gnu++0x";
				CLANG_CXX_LIBRARY = "libc++";
				CLANG_ENABLE_MODULES = YES;
				CLANG_ENABLE_OBJC_ARC = YES;
				CLANG_WARN_BOOL_CONVERSION = YES;
				CLANG_WARN_CONSTANT_CONVERSION = YES;
				CLANG_WARN_DIRECT_OBJC_ISA_USAGE = YES_ERROR;
				CLANG_WARN_EMPTY_BODY = YES;
				CLANG_WARN_ENUM_CONVERSION = YES;
				CLANG_WARN_INT_CONVERSION = YES;
				CLANG_WARN_OBJC_ROOT_CLASS = YES_ERROR;
				CLANG_WARN_UNREACHABLE_CODE = YES;
				CLANG_WARN__DUPLICATE_METHOD_MATCH = YES;
				"CODE_SIGN_IDENTITY[sdk=iphoneos*]" = "iPhone Developer";
				COPY_PHASE_STRIP = NO;
				DEBUG_INFORMATION_FORMAT = "dwarf-with-dsym";
				ENABLE_NS_ASSERTIONS = NO;
				ENABLE_STRICT_OBJC_MSGSEND = YES;
				GCC_C_LANGUAGE_STANDARD = gnu99;
				GCC_NO_COMMON_BLOCKS = YES;
				GCC_WARN_64_TO_32_BIT_CONVERSION = YES;
				GCC_WARN_ABOUT_RETURN_TYPE = YES_ERROR;
				GCC_WARN_UNDECLARED_SELECTOR = YES;
				GCC_WARN_UNINITIALIZED_AUTOS = YES_AGGRESSIVE;
				GCC_WARN_UNUSED_FUNCTION = YES;
				GCC_WARN_UNUSED_VARIABLE = YES;
				IPHONEOS_DEPLOYMENT_TARGET = 9.2;
				MTL_ENABLE_DEBUG_INFO = NO;
				SDKROOT = iphoneos;
				TARGETED_DEVICE_FAMILY = "1,2";
				VALIDATE_PRODUCT = YES;
			};
			name = Release;
		};
		1936D7F51C911ECD00B5786E /* Debug */ = {
			isa = XCBuildConfiguration;
			buildSettings = {
				ASSETCATALOG_COMPILER_APPICON_NAME = AppIcon;
				INFOPLIST_FILE = Pix500/Info.plist;
				LD_RUNPATH_SEARCH_PATHS = "$(inherited) @executable_path/Frameworks";
				PRODUCT_BUNDLE_IDENTIFIER = com.pix.Pix500;
				PRODUCT_NAME = "$(TARGET_NAME)";
			};
			name = Debug;
		};
		1936D7F61C911ECD00B5786E /* Release */ = {
			isa = XCBuildConfiguration;
			buildSettings = {
				ASSETCATALOG_COMPILER_APPICON_NAME = AppIcon;
				INFOPLIST_FILE = Pix500/Info.plist;
				LD_RUNPATH_SEARCH_PATHS = "$(inherited) @executable_path/Frameworks";
				PRODUCT_BUNDLE_IDENTIFIER = com.pix.Pix500;
				PRODUCT_NAME = "$(TARGET_NAME)";
			};
			name = Release;
		};
		1936D7F81C911ECD00B5786E /* Debug */ = {
			isa = XCBuildConfiguration;
			buildSettings = {
				BUNDLE_LOADER = "$(TEST_HOST)";
				INFOPLIST_FILE = Pix500Tests/Info.plist;
				LD_RUNPATH_SEARCH_PATHS = "$(inherited) @executable_path/Frameworks @loader_path/Frameworks";
				PRODUCT_BUNDLE_IDENTIFIER = com.pix.Pix500Tests;
				PRODUCT_NAME = "$(TARGET_NAME)";
				TEST_HOST = "$(BUILT_PRODUCTS_DIR)/Pix500.app/Pix500";
			};
			name = Debug;
		};
		1936D7F91C911ECD00B5786E /* Release */ = {
			isa = XCBuildConfiguration;
			buildSettings = {
				BUNDLE_LOADER = "$(TEST_HOST)";
				INFOPLIST_FILE = Pix500Tests/Info.plist;
				LD_RUNPATH_SEARCH_PATHS = "$(inherited) @executable_path/Frameworks @loader_path/Frameworks";
				PRODUCT_BUNDLE_IDENTIFIER = com.pix.Pix500Tests;
				PRODUCT_NAME = "$(TARGET_NAME)";
				TEST_HOST = "$(BUILT_PRODUCTS_DIR)/Pix500.app/Pix500";
			};
			name = Release;
		};
		1936D7FB1C911ECD00B5786E /* Debug */ = {
			isa = XCBuildConfiguration;
			buildSettings = {
				INFOPLIST_FILE = Pix500UITests/Info.plist;
				LD_RUNPATH_SEARCH_PATHS = "$(inherited) @executable_path/Frameworks @loader_path/Frameworks";
				PRODUCT_BUNDLE_IDENTIFIER = com.pix.Pix500UITests;
				PRODUCT_NAME = "$(TARGET_NAME)";
				TEST_TARGET_NAME = Pix500;
				USES_XCTRUNNER = YES;
			};
			name = Debug;
		};
		1936D7FC1C911ECD00B5786E /* Release */ = {
			isa = XCBuildConfiguration;
			buildSettings = {
				INFOPLIST_FILE = Pix500UITests/Info.plist;
				LD_RUNPATH_SEARCH_PATHS = "$(inherited) @executable_path/Frameworks @loader_path/Frameworks";
				PRODUCT_BUNDLE_IDENTIFIER = com.pix.Pix500UITests;
				PRODUCT_NAME = "$(TARGET_NAME)";
				TEST_TARGET_NAME = Pix500;
				USES_XCTRUNNER = YES;
			};
			name = Release;
		};
/* End XCBuildConfiguration section */

/* Begin XCConfigurationList section */
		1936D7C71C911ECC00B5786E /* Build configuration list for PBXProject "Pix500" */ = {
			isa = XCConfigurationList;
			buildConfigurations = (
				1936D7F21C911ECD00B5786E /* Debug */,
				1936D7F31C911ECD00B5786E /* Release */,
			);
			defaultConfigurationIsVisible = 0;
			defaultConfigurationName = Release;
		};
		1936D7F41C911ECD00B5786E /* Build configuration list for PBXNativeTarget "Pix500" */ = {
			isa = XCConfigurationList;
			buildConfigurations = (
				1936D7F51C911ECD00B5786E /* Debug */,
				1936D7F61C911ECD00B5786E /* Release */,
			);
			defaultConfigurationIsVisible = 0;
		};
		1936D7F71C911ECD00B5786E /* Build configuration list for PBXNativeTarget "Pix500Tests" */ = {
			isa = XCConfigurationList;
			buildConfigurations = (
				1936D7F81C911ECD00B5786E /* Debug */,
				1936D7F91C911ECD00B5786E /* Release */,
			);
			defaultConfigurationIsVisible = 0;
		};
		1936D7FA1C911ECD00B5786E /* Build configuration list for PBXNativeTarget "Pix500UITests" */ = {
			isa = XCConfigurationList;
			buildConfigurations = (
				1936D7FB1C911ECD00B5786E /* Debug */,
				1936D7FC1C911ECD00B5786E /* Release */,
			);
			defaultConfigurationIsVisible = 0;
		};
/* End XCConfigurationList section */
	};
	rootObject = 1936D7C41C911ECC00B5786E /* Project object */;
}
