// !$*UTF8*$!
{
	archiveVersion = 1;
	classes = {
	};
	objectVersion = 46;
	objects = {

/* Begin PBXBuildFile section */
		1936D7D01C911ECC00B5786E /* AppDelegate.swift in Sources */ = {isa = PBXBuildFile; fileRef = 1936D7CF1C911ECC00B5786E /* AppDelegate.swift */; };
		1936D7D71C911ECC00B5786E /* Assets.xcassets in Resources */ = {isa = PBXBuildFile; fileRef = 1936D7D61C911ECC00B5786E /* Assets.xcassets */; };
		1936D7DA1C911ECC00B5786E /* LaunchScreen.storyboard in Resources */ = {isa = PBXBuildFile; fileRef = 1936D7D81C911ECC00B5786E /* LaunchScreen.storyboard */; };
		1936D7E51C911ECD00B5786E /* Pix500Tests.swift in Sources */ = {isa = PBXBuildFile; fileRef = 1936D7E41C911ECD00B5786E /* Pix500Tests.swift */; };
		1936D7F01C911ECD00B5786E /* Pix500UITests.swift in Sources */ = {isa = PBXBuildFile; fileRef = 1936D7EF1C911ECD00B5786E /* Pix500UITests.swift */; };
		1936D8101C91208700B5786E /* RLMSupport.swift in Sources */ = {isa = PBXBuildFile; fileRef = 1936D80B1C91208700B5786E /* RLMSupport.swift */; };
		1936D8121C91216000B5786E /* Realm.framework in Frameworks */ = {isa = PBXBuildFile; fileRef = 1936D8081C91208700B5786E /* Realm.framework */; };
		1936D8131C91216000B5786E /* Realm.framework in Embed Frameworks */ = {isa = PBXBuildFile; fileRef = 1936D8081C91208700B5786E /* Realm.framework */; settings = {ATTRIBUTES = (CodeSignOnCopy, RemoveHeadersOnCopy, ); }; };
		1936D81C1C9124AF00B5786E /* GridViewController.swift in Sources */ = {isa = PBXBuildFile; fileRef = 1936D8191C9124AF00B5786E /* GridViewController.swift */; };
		1936D81D1C9124AF00B5786E /* ImageViewController.swift in Sources */ = {isa = PBXBuildFile; fileRef = 1936D81B1C9124AF00B5786E /* ImageViewController.swift */; };
		1936D81F1C91252100B5786E /* GridViewController.xib in Resources */ = {isa = PBXBuildFile; fileRef = 1936D81E1C91252100B5786E /* GridViewController.xib */; };
		1936D8211C91253C00B5786E /* ImageViewController.xib in Resources */ = {isa = PBXBuildFile; fileRef = 1936D8201C91253C00B5786E /* ImageViewController.xib */; };
		1936D8241C91309000B5786E /* GridViewCell.xib in Resources */ = {isa = PBXBuildFile; fileRef = 1936D8231C91309000B5786E /* GridViewCell.xib */; };
		1936D8261C9130B300B5786E /* GridViewCell.swift in Sources */ = {isa = PBXBuildFile; fileRef = 1936D8251C9130B300B5786E /* GridViewCell.swift */; };
		198E9AF21C91D3F6003447BD /* PXNSDataExtension.swift in Sources */ = {isa = PBXBuildFile; fileRef = 198E9AF11C91D3F6003447BD /* PXNSDataExtension.swift */; };
		198E9B241C91E637003447BD /* Image.swift in Sources */ = {isa = PBXBuildFile; fileRef = 198E9B161C91E637003447BD /* Image.swift */; };
		198E9B251C91E637003447BD /* ImageCache.swift in Sources */ = {isa = PBXBuildFile; fileRef = 198E9B171C91E637003447BD /* ImageCache.swift */; };
		198E9B261C91E637003447BD /* ImageDownloader.swift in Sources */ = {isa = PBXBuildFile; fileRef = 198E9B181C91E637003447BD /* ImageDownloader.swift */; };
		198E9B271C91E637003447BD /* ImagePrefetcher.swift in Sources */ = {isa = PBXBuildFile; fileRef = 198E9B191C91E637003447BD /* ImagePrefetcher.swift */; };
		198E9B281C91E637003447BD /* ImageTransition.swift in Sources */ = {isa = PBXBuildFile; fileRef = 198E9B1A1C91E637003447BD /* ImageTransition.swift */; };
		198E9B291C91E637003447BD /* ImageView+Kingfisher.swift in Sources */ = {isa = PBXBuildFile; fileRef = 198E9B1B1C91E637003447BD /* ImageView+Kingfisher.swift */; };
		198E9B2A1C91E637003447BD /* Info.plist in Resources */ = {isa = PBXBuildFile; fileRef = 198E9B1C1C91E637003447BD /* Info.plist */; };
		198E9B2B1C91E637003447BD /* KingfisherManager.swift in Sources */ = {isa = PBXBuildFile; fileRef = 198E9B1E1C91E637003447BD /* KingfisherManager.swift */; };
		198E9B2C1C91E637003447BD /* KingfisherOptionsInfo.swift in Sources */ = {isa = PBXBuildFile; fileRef = 198E9B1F1C91E637003447BD /* KingfisherOptionsInfo.swift */; };
		198E9B2D1C91E637003447BD /* Resource.swift in Sources */ = {isa = PBXBuildFile; fileRef = 198E9B201C91E637003447BD /* Resource.swift */; };
		198E9B2E1C91E637003447BD /* String+MD5.swift in Sources */ = {isa = PBXBuildFile; fileRef = 198E9B211C91E637003447BD /* String+MD5.swift */; };
		198E9B2F1C91E637003447BD /* ThreadHelper.swift in Sources */ = {isa = PBXBuildFile; fileRef = 198E9B221C91E637003447BD /* ThreadHelper.swift */; };
		198E9B301C91E637003447BD /* UIButton+Kingfisher.swift in Sources */ = {isa = PBXBuildFile; fileRef = 198E9B231C91E637003447BD /* UIButton+Kingfisher.swift */; };
		19CD35EB1C920CC600FEBB08 /* CGPoint.swift in Sources */ = {isa = PBXBuildFile; fileRef = 19CD35E21C920CC600FEBB08 /* CGPoint.swift */; };
		19CD35EC1C920CC600FEBB08 /* CGSize.swift in Sources */ = {isa = PBXBuildFile; fileRef = 19CD35E31C920CC600FEBB08 /* CGSize.swift */; };
		19CD35ED1C920CC600FEBB08 /* ImageViewer.swift in Sources */ = {isa = PBXBuildFile; fileRef = 19CD35E51C920CC600FEBB08 /* ImageViewer.swift */; };
		19CD35EE1C920CC600FEBB08 /* ImageViewerDismissTransition.swift in Sources */ = {isa = PBXBuildFile; fileRef = 19CD35E61C920CC600FEBB08 /* ImageViewerDismissTransition.swift */; };
		19CD35EF1C920CC600FEBB08 /* ImageViewerPresentTransition.swift in Sources */ = {isa = PBXBuildFile; fileRef = 19CD35E71C920CC600FEBB08 /* ImageViewerPresentTransition.swift */; };
		19CD35F01C920CC600FEBB08 /* ImageViewerSwipeToDismissTransition.swift in Sources */ = {isa = PBXBuildFile; fileRef = 19CD35E81C920CC600FEBB08 /* ImageViewerSwipeToDismissTransition.swift */; };
		19CD35F11C920CC600FEBB08 /* Info.plist in Resources */ = {isa = PBXBuildFile; fileRef = 19CD35EA1C920CC600FEBB08 /* Info.plist */; };
		19CD35FC1C92245E00FEBB08 /* CellReuseQueue.swift in Sources */ = {isa = PBXBuildFile; fileRef = 19CD35F41C92245E00FEBB08 /* CellReuseQueue.swift */; };
		19CD35FD1C92245E00FEBB08 /* Constraints.swift in Sources */ = {isa = PBXBuildFile; fileRef = 19CD35F51C92245E00FEBB08 /* Constraints.swift */; };
		19CD35FE1C92245E00FEBB08 /* ContentView.swift in Sources */ = {isa = PBXBuildFile; fileRef = 19CD35F61C92245E00FEBB08 /* ContentView.swift */; };
		19CD35FF1C92245E00FEBB08 /* Info.plist in Resources */ = {isa = PBXBuildFile; fileRef = 19CD35F71C92245E00FEBB08 /* Info.plist */; };
		19CD36001C92245E00FEBB08 /* PagingView.swift in Sources */ = {isa = PBXBuildFile; fileRef = 19CD35F91C92245E00FEBB08 /* PagingView.swift */; };
		19CD36011C92245E00FEBB08 /* PagingViewCell.swift in Sources */ = {isa = PBXBuildFile; fileRef = 19CD35FA1C92245E00FEBB08 /* PagingViewCell.swift */; };
		19CD36021C92245E00FEBB08 /* Position.swift in Sources */ = {isa = PBXBuildFile; fileRef = 19CD35FB1C92245E00FEBB08 /* Position.swift */; };
		19CD36051C92250100FEBB08 /* ImageViewCell.swift in Sources */ = {isa = PBXBuildFile; fileRef = 19CD36041C92250100FEBB08 /* ImageViewCell.swift */; };
		19CD36071C92250C00FEBB08 /* ImageViewCell.xib in Resources */ = {isa = PBXBuildFile; fileRef = 19CD36061C92250C00FEBB08 /* ImageViewCell.xib */; };
		19FDEC2A1C914E2500808CE4 /* Services.plist in Resources */ = {isa = PBXBuildFile; fileRef = 19FDEC291C914E2500808CE4 /* Services.plist */; };
		19FDEC461C91C60C00808CE4 /* SharedConstants.swift in Sources */ = {isa = PBXBuildFile; fileRef = 19FDEC451C91C60C00808CE4 /* SharedConstants.swift */; };
		19FDEC4A1C91CA2D00808CE4 /* PXDictionaryExtension.swift in Sources */ = {isa = PBXBuildFile; fileRef = 19FDEC491C91CA2D00808CE4 /* PXDictionaryExtension.swift */; };
		19FDEC4D1C91CC1700808CE4 /* ServerConnectionHelper.swift in Sources */ = {isa = PBXBuildFile; fileRef = 19FDEC4C1C91CC1700808CE4 /* ServerConnectionHelper.swift */; };
		19FDEC631C91CD1C00808CE4 /* Alamofire.swift in Sources */ = {isa = PBXBuildFile; fileRef = 19FDEC501C91CD1C00808CE4 /* Alamofire.swift */; };
		19FDEC641C91CD1C00808CE4 /* Download.swift in Sources */ = {isa = PBXBuildFile; fileRef = 19FDEC511C91CD1C00808CE4 /* Download.swift */; };
		19FDEC651C91CD1C00808CE4 /* Error.swift in Sources */ = {isa = PBXBuildFile; fileRef = 19FDEC521C91CD1C00808CE4 /* Error.swift */; };
		19FDEC661C91CD1C00808CE4 /* Info-tvOS.plist in Resources */ = {isa = PBXBuildFile; fileRef = 19FDEC531C91CD1C00808CE4 /* Info-tvOS.plist */; };
		19FDEC671C91CD1C00808CE4 /* Info.plist in Resources */ = {isa = PBXBuildFile; fileRef = 19FDEC541C91CD1C00808CE4 /* Info.plist */; };
		19FDEC681C91CD1C00808CE4 /* Manager.swift in Sources */ = {isa = PBXBuildFile; fileRef = 19FDEC551C91CD1C00808CE4 /* Manager.swift */; };
		19FDEC691C91CD1C00808CE4 /* MultipartFormData.swift in Sources */ = {isa = PBXBuildFile; fileRef = 19FDEC561C91CD1C00808CE4 /* MultipartFormData.swift */; };
		19FDEC6A1C91CD1C00808CE4 /* NetworkReachabilityManager.swift in Sources */ = {isa = PBXBuildFile; fileRef = 19FDEC571C91CD1C00808CE4 /* NetworkReachabilityManager.swift */; };
		19FDEC6B1C91CD1C00808CE4 /* Notifications.swift in Sources */ = {isa = PBXBuildFile; fileRef = 19FDEC581C91CD1C00808CE4 /* Notifications.swift */; };
		19FDEC6C1C91CD1C00808CE4 /* ParameterEncoding.swift in Sources */ = {isa = PBXBuildFile; fileRef = 19FDEC591C91CD1C00808CE4 /* ParameterEncoding.swift */; };
		19FDEC6D1C91CD1C00808CE4 /* Request.swift in Sources */ = {isa = PBXBuildFile; fileRef = 19FDEC5A1C91CD1C00808CE4 /* Request.swift */; };
		19FDEC6E1C91CD1C00808CE4 /* Response.swift in Sources */ = {isa = PBXBuildFile; fileRef = 19FDEC5B1C91CD1C00808CE4 /* Response.swift */; };
		19FDEC6F1C91CD1C00808CE4 /* ResponseSerialization.swift in Sources */ = {isa = PBXBuildFile; fileRef = 19FDEC5C1C91CD1C00808CE4 /* ResponseSerialization.swift */; };
		19FDEC701C91CD1C00808CE4 /* Result.swift in Sources */ = {isa = PBXBuildFile; fileRef = 19FDEC5D1C91CD1C00808CE4 /* Result.swift */; };
		19FDEC711C91CD1C00808CE4 /* ServerTrustPolicy.swift in Sources */ = {isa = PBXBuildFile; fileRef = 19FDEC5E1C91CD1C00808CE4 /* ServerTrustPolicy.swift */; };
		19FDEC721C91CD1C00808CE4 /* Stream.swift in Sources */ = {isa = PBXBuildFile; fileRef = 19FDEC5F1C91CD1C00808CE4 /* Stream.swift */; };
		19FDEC731C91CD1C00808CE4 /* Timeline.swift in Sources */ = {isa = PBXBuildFile; fileRef = 19FDEC601C91CD1C00808CE4 /* Timeline.swift */; };
		19FDEC741C91CD1C00808CE4 /* Upload.swift in Sources */ = {isa = PBXBuildFile; fileRef = 19FDEC611C91CD1C00808CE4 /* Upload.swift */; };
		19FDEC751C91CD1C00808CE4 /* Validation.swift in Sources */ = {isa = PBXBuildFile; fileRef = 19FDEC621C91CD1C00808CE4 /* Validation.swift */; };
/* End PBXBuildFile section */

/* Begin PBXContainerItemProxy section */
		1936D7E11C911ECD00B5786E /* PBXContainerItemProxy */ = {
			isa = PBXContainerItemProxy;
			containerPortal = 1936D7C41C911ECC00B5786E /* Project object */;
			proxyType = 1;
			remoteGlobalIDString = 1936D7CB1C911ECC00B5786E;
			remoteInfo = Pix500;
		};
		1936D7EC1C911ECD00B5786E /* PBXContainerItemProxy */ = {
			isa = PBXContainerItemProxy;
			containerPortal = 1936D7C41C911ECC00B5786E /* Project object */;
			proxyType = 1;
			remoteGlobalIDString = 1936D7CB1C911ECC00B5786E;
			remoteInfo = Pix500;
		};
/* End PBXContainerItemProxy section */

/* Begin PBXCopyFilesBuildPhase section */
		1936D8141C91216000B5786E /* Embed Frameworks */ = {
			isa = PBXCopyFilesBuildPhase;
			buildActionMask = 2147483647;
			dstPath = "";
			dstSubfolderSpec = 10;
			files = (
				1936D8131C91216000B5786E /* Realm.framework in Embed Frameworks */,
			);
			name = "Embed Frameworks";
			runOnlyForDeploymentPostprocessing = 0;
		};
/* End PBXCopyFilesBuildPhase section */

/* Begin PBXFileReference section */
		1936D7CC1C911ECC00B5786E /* Pix500.app */ = {isa = PBXFileReference; explicitFileType = wrapper.application; includeInIndex = 0; path = Pix500.app; sourceTree = BUILT_PRODUCTS_DIR; };
		1936D7CF1C911ECC00B5786E /* AppDelegate.swift */ = {isa = PBXFileReference; lastKnownFileType = sourcecode.swift; path = AppDelegate.swift; sourceTree = "<group>"; };
		1936D7D61C911ECC00B5786E /* Assets.xcassets */ = {isa = PBXFileReference; lastKnownFileType = folder.assetcatalog; path = Assets.xcassets; sourceTree = "<group>"; };
		1936D7D91C911ECC00B5786E /* Base */ = {isa = PBXFileReference; lastKnownFileType = file.storyboard; name = Base; path = Base.lproj/LaunchScreen.storyboard; sourceTree = "<group>"; };
		1936D7DB1C911ECC00B5786E /* Info.plist */ = {isa = PBXFileReference; lastKnownFileType = text.plist.xml; path = Info.plist; sourceTree = "<group>"; };
		1936D7E01C911ECD00B5786E /* Pix500Tests.xctest */ = {isa = PBXFileReference; explicitFileType = wrapper.cfbundle; includeInIndex = 0; path = Pix500Tests.xctest; sourceTree = BUILT_PRODUCTS_DIR; };
		1936D7E41C911ECD00B5786E /* Pix500Tests.swift */ = {isa = PBXFileReference; lastKnownFileType = sourcecode.swift; path = Pix500Tests.swift; sourceTree = "<group>"; };
		1936D7E61C911ECD00B5786E /* Info.plist */ = {isa = PBXFileReference; lastKnownFileType = text.plist.xml; path = Info.plist; sourceTree = "<group>"; };
		1936D7EB1C911ECD00B5786E /* Pix500UITests.xctest */ = {isa = PBXFileReference; explicitFileType = wrapper.cfbundle; includeInIndex = 0; path = Pix500UITests.xctest; sourceTree = BUILT_PRODUCTS_DIR; };
		1936D7EF1C911ECD00B5786E /* Pix500UITests.swift */ = {isa = PBXFileReference; lastKnownFileType = sourcecode.swift; path = Pix500UITests.swift; sourceTree = "<group>"; };
		1936D7F11C911ECD00B5786E /* Info.plist */ = {isa = PBXFileReference; lastKnownFileType = text.plist.xml; path = Info.plist; sourceTree = "<group>"; };
		1936D8081C91208700B5786E /* Realm.framework */ = {isa = PBXFileReference; lastKnownFileType = wrapper.framework; path = Realm.framework; sourceTree = "<group>"; };
		1936D80B1C91208700B5786E /* RLMSupport.swift */ = {isa = PBXFileReference; fileEncoding = 4; lastKnownFileType = sourcecode.swift; path = RLMSupport.swift; sourceTree = "<group>"; };
		1936D8191C9124AF00B5786E /* GridViewController.swift */ = {isa = PBXFileReference; fileEncoding = 4; lastKnownFileType = sourcecode.swift; path = GridViewController.swift; sourceTree = "<group>"; };
		1936D81B1C9124AF00B5786E /* ImageViewController.swift */ = {isa = PBXFileReference; fileEncoding = 4; lastKnownFileType = sourcecode.swift; path = ImageViewController.swift; sourceTree = "<group>"; };
		1936D81E1C91252100B5786E /* GridViewController.xib */ = {isa = PBXFileReference; fileEncoding = 4; lastKnownFileType = file.xib; path = GridViewController.xib; sourceTree = "<group>"; };
		1936D8201C91253C00B5786E /* ImageViewController.xib */ = {isa = PBXFileReference; fileEncoding = 4; lastKnownFileType = file.xib; path = ImageViewController.xib; sourceTree = "<group>"; };
		1936D8231C91309000B5786E /* GridViewCell.xib */ = {isa = PBXFileReference; fileEncoding = 4; lastKnownFileType = file.xib; path = GridViewCell.xib; sourceTree = "<group>"; };
		1936D8251C9130B300B5786E /* GridViewCell.swift */ = {isa = PBXFileReference; fileEncoding = 4; lastKnownFileType = sourcecode.swift; path = GridViewCell.swift; sourceTree = "<group>"; };
		198E9AF11C91D3F6003447BD /* PXNSDataExtension.swift */ = {isa = PBXFileReference; fileEncoding = 4; lastKnownFileType = sourcecode.swift; path = PXNSDataExtension.swift; sourceTree = "<group>"; };
		198E9B161C91E637003447BD /* Image.swift */ = {isa = PBXFileReference; fileEncoding = 4; lastKnownFileType = sourcecode.swift; path = Image.swift; sourceTree = "<group>"; };
		198E9B171C91E637003447BD /* ImageCache.swift */ = {isa = PBXFileReference; fileEncoding = 4; lastKnownFileType = sourcecode.swift; path = ImageCache.swift; sourceTree = "<group>"; };
		198E9B181C91E637003447BD /* ImageDownloader.swift */ = {isa = PBXFileReference; fileEncoding = 4; lastKnownFileType = sourcecode.swift; path = ImageDownloader.swift; sourceTree = "<group>"; };
		198E9B191C91E637003447BD /* ImagePrefetcher.swift */ = {isa = PBXFileReference; fileEncoding = 4; lastKnownFileType = sourcecode.swift; path = ImagePrefetcher.swift; sourceTree = "<group>"; };
		198E9B1A1C91E637003447BD /* ImageTransition.swift */ = {isa = PBXFileReference; fileEncoding = 4; lastKnownFileType = sourcecode.swift; path = ImageTransition.swift; sourceTree = "<group>"; };
		198E9B1B1C91E637003447BD /* ImageView+Kingfisher.swift */ = {isa = PBXFileReference; fileEncoding = 4; lastKnownFileType = sourcecode.swift; path = "ImageView+Kingfisher.swift"; sourceTree = "<group>"; };
		198E9B1C1C91E637003447BD /* Info.plist */ = {isa = PBXFileReference; fileEncoding = 4; lastKnownFileType = text.plist.xml; path = Info.plist; sourceTree = "<group>"; };
		198E9B1D1C91E637003447BD /* Kingfisher.h */ = {isa = PBXFileReference; fileEncoding = 4; lastKnownFileType = sourcecode.c.h; path = Kingfisher.h; sourceTree = "<group>"; };
		198E9B1E1C91E637003447BD /* KingfisherManager.swift */ = {isa = PBXFileReference; fileEncoding = 4; lastKnownFileType = sourcecode.swift; path = KingfisherManager.swift; sourceTree = "<group>"; };
		198E9B1F1C91E637003447BD /* KingfisherOptionsInfo.swift */ = {isa = PBXFileReference; fileEncoding = 4; lastKnownFileType = sourcecode.swift; path = KingfisherOptionsInfo.swift; sourceTree = "<group>"; };
		198E9B201C91E637003447BD /* Resource.swift */ = {isa = PBXFileReference; fileEncoding = 4; lastKnownFileType = sourcecode.swift; path = Resource.swift; sourceTree = "<group>"; };
		198E9B211C91E637003447BD /* String+MD5.swift */ = {isa = PBXFileReference; fileEncoding = 4; lastKnownFileType = sourcecode.swift; path = "String+MD5.swift"; sourceTree = "<group>"; };
		198E9B221C91E637003447BD /* ThreadHelper.swift */ = {isa = PBXFileReference; fileEncoding = 4; lastKnownFileType = sourcecode.swift; path = ThreadHelper.swift; sourceTree = "<group>"; };
		198E9B231C91E637003447BD /* UIButton+Kingfisher.swift */ = {isa = PBXFileReference; fileEncoding = 4; lastKnownFileType = sourcecode.swift; path = "UIButton+Kingfisher.swift"; sourceTree = "<group>"; };
		19CD35E21C920CC600FEBB08 /* CGPoint.swift */ = {isa = PBXFileReference; fileEncoding = 4; lastKnownFileType = sourcecode.swift; path = CGPoint.swift; sourceTree = "<group>"; };
		19CD35E31C920CC600FEBB08 /* CGSize.swift */ = {isa = PBXFileReference; fileEncoding = 4; lastKnownFileType = sourcecode.swift; path = CGSize.swift; sourceTree = "<group>"; };
		19CD35E51C920CC600FEBB08 /* ImageViewer.swift */ = {isa = PBXFileReference; fileEncoding = 4; lastKnownFileType = sourcecode.swift; path = ImageViewer.swift; sourceTree = "<group>"; };
		19CD35E61C920CC600FEBB08 /* ImageViewerDismissTransition.swift */ = {isa = PBXFileReference; fileEncoding = 4; lastKnownFileType = sourcecode.swift; path = ImageViewerDismissTransition.swift; sourceTree = "<group>"; };
		19CD35E71C920CC600FEBB08 /* ImageViewerPresentTransition.swift */ = {isa = PBXFileReference; fileEncoding = 4; lastKnownFileType = sourcecode.swift; path = ImageViewerPresentTransition.swift; sourceTree = "<group>"; };
		19CD35E81C920CC600FEBB08 /* ImageViewerSwipeToDismissTransition.swift */ = {isa = PBXFileReference; fileEncoding = 4; lastKnownFileType = sourcecode.swift; path = ImageViewerSwipeToDismissTransition.swift; sourceTree = "<group>"; };
		19CD35EA1C920CC600FEBB08 /* Info.plist */ = {isa = PBXFileReference; fileEncoding = 4; lastKnownFileType = text.plist.xml; path = Info.plist; sourceTree = "<group>"; };
		19CD35F41C92245E00FEBB08 /* CellReuseQueue.swift */ = {isa = PBXFileReference; fileEncoding = 4; lastKnownFileType = sourcecode.swift; path = CellReuseQueue.swift; sourceTree = "<group>"; };
		19CD35F51C92245E00FEBB08 /* Constraints.swift */ = {isa = PBXFileReference; fileEncoding = 4; lastKnownFileType = sourcecode.swift; path = Constraints.swift; sourceTree = "<group>"; };
		19CD35F61C92245E00FEBB08 /* ContentView.swift */ = {isa = PBXFileReference; fileEncoding = 4; lastKnownFileType = sourcecode.swift; path = ContentView.swift; sourceTree = "<group>"; };
		19CD35F71C92245E00FEBB08 /* Info.plist */ = {isa = PBXFileReference; fileEncoding = 4; lastKnownFileType = text.plist.xml; path = Info.plist; sourceTree = "<group>"; };
		19CD35F81C92245E00FEBB08 /* PagingView.h */ = {isa = PBXFileReference; fileEncoding = 4; lastKnownFileType = sourcecode.c.h; path = PagingView.h; sourceTree = "<group>"; };
		19CD35F91C92245E00FEBB08 /* PagingView.swift */ = {isa = PBXFileReference; fileEncoding = 4; lastKnownFileType = sourcecode.swift; path = PagingView.swift; sourceTree = "<group>"; };
		19CD35FA1C92245E00FEBB08 /* PagingViewCell.swift */ = {isa = PBXFileReference; fileEncoding = 4; lastKnownFileType = sourcecode.swift; path = PagingViewCell.swift; sourceTree = "<group>"; };
		19CD35FB1C92245E00FEBB08 /* Position.swift */ = {isa = PBXFileReference; fileEncoding = 4; lastKnownFileType = sourcecode.swift; path = Position.swift; sourceTree = "<group>"; };
		19CD36041C92250100FEBB08 /* ImageViewCell.swift */ = {isa = PBXFileReference; fileEncoding = 4; lastKnownFileType = sourcecode.swift; path = ImageViewCell.swift; sourceTree = "<group>"; };
		19CD36061C92250C00FEBB08 /* ImageViewCell.xib */ = {isa = PBXFileReference; fileEncoding = 4; lastKnownFileType = file.xib; path = ImageViewCell.xib; sourceTree = "<group>"; };
		19FDEC291C914E2500808CE4 /* Services.plist */ = {isa = PBXFileReference; fileEncoding = 4; lastKnownFileType = text.plist.xml; path = Services.plist; sourceTree = "<group>"; };
		19FDEC451C91C60C00808CE4 /* SharedConstants.swift */ = {isa = PBXFileReference; fileEncoding = 4; lastKnownFileType = sourcecode.swift; path = SharedConstants.swift; sourceTree = "<group>"; };
		19FDEC491C91CA2D00808CE4 /* PXDictionaryExtension.swift */ = {isa = PBXFileReference; fileEncoding = 4; lastKnownFileType = sourcecode.swift; path = PXDictionaryExtension.swift; sourceTree = "<group>"; };
		19FDEC4C1C91CC1700808CE4 /* ServerConnectionHelper.swift */ = {isa = PBXFileReference; fileEncoding = 4; lastKnownFileType = sourcecode.swift; path = ServerConnectionHelper.swift; sourceTree = "<group>"; };
		19FDEC4F1C91CD1C00808CE4 /* Alamofire.h */ = {isa = PBXFileReference; fileEncoding = 4; lastKnownFileType = sourcecode.c.h; path = Alamofire.h; sourceTree = "<group>"; };
		19FDEC501C91CD1C00808CE4 /* Alamofire.swift */ = {isa = PBXFileReference; fileEncoding = 4; lastKnownFileType = sourcecode.swift; path = Alamofire.swift; sourceTree = "<group>"; };
		19FDEC511C91CD1C00808CE4 /* Download.swift */ = {isa = PBXFileReference; fileEncoding = 4; lastKnownFileType = sourcecode.swift; path = Download.swift; sourceTree = "<group>"; };
		19FDEC521C91CD1C00808CE4 /* Error.swift */ = {isa = PBXFileReference; fileEncoding = 4; lastKnownFileType = sourcecode.swift; path = Error.swift; sourceTree = "<group>"; };
		19FDEC531C91CD1C00808CE4 /* Info-tvOS.plist */ = {isa = PBXFileReference; fileEncoding = 4; lastKnownFileType = text.plist.xml; path = "Info-tvOS.plist"; sourceTree = "<group>"; };
		19FDEC541C91CD1C00808CE4 /* Info.plist */ = {isa = PBXFileReference; fileEncoding = 4; lastKnownFileType = text.plist.xml; path = Info.plist; sourceTree = "<group>"; };
		19FDEC551C91CD1C00808CE4 /* Manager.swift */ = {isa = PBXFileReference; fileEncoding = 4; lastKnownFileType = sourcecode.swift; path = Manager.swift; sourceTree = "<group>"; };
		19FDEC561C91CD1C00808CE4 /* MultipartFormData.swift */ = {isa = PBXFileReference; fileEncoding = 4; lastKnownFileType = sourcecode.swift; path = MultipartFormData.swift; sourceTree = "<group>"; };
		19FDEC571C91CD1C00808CE4 /* NetworkReachabilityManager.swift */ = {isa = PBXFileReference; fileEncoding = 4; lastKnownFileType = sourcecode.swift; path = NetworkReachabilityManager.swift; sourceTree = "<group>"; };
		19FDEC581C91CD1C00808CE4 /* Notifications.swift */ = {isa = PBXFileReference; fileEncoding = 4; lastKnownFileType = sourcecode.swift; path = Notifications.swift; sourceTree = "<group>"; };
		19FDEC591C91CD1C00808CE4 /* ParameterEncoding.swift */ = {isa = PBXFileReference; fileEncoding = 4; lastKnownFileType = sourcecode.swift; path = ParameterEncoding.swift; sourceTree = "<group>"; };
		19FDEC5A1C91CD1C00808CE4 /* Request.swift */ = {isa = PBXFileReference; fileEncoding = 4; lastKnownFileType = sourcecode.swift; path = Request.swift; sourceTree = "<group>"; };
		19FDEC5B1C91CD1C00808CE4 /* Response.swift */ = {isa = PBXFileReference; fileEncoding = 4; lastKnownFileType = sourcecode.swift; path = Response.swift; sourceTree = "<group>"; };
		19FDEC5C1C91CD1C00808CE4 /* ResponseSerialization.swift */ = {isa = PBXFileReference; fileEncoding = 4; lastKnownFileType = sourcecode.swift; path = ResponseSerialization.swift; sourceTree = "<group>"; };
		19FDEC5D1C91CD1C00808CE4 /* Result.swift */ = {isa = PBXFileReference; fileEncoding = 4; lastKnownFileType = sourcecode.swift; path = Result.swift; sourceTree = "<group>"; };
		19FDEC5E1C91CD1C00808CE4 /* ServerTrustPolicy.swift */ = {isa = PBXFileReference; fileEncoding = 4; lastKnownFileType = sourcecode.swift; path = ServerTrustPolicy.swift; sourceTree = "<group>"; };
		19FDEC5F1C91CD1C00808CE4 /* Stream.swift */ = {isa = PBXFileReference; fileEncoding = 4; lastKnownFileType = sourcecode.swift; path = Stream.swift; sourceTree = "<group>"; };
		19FDEC601C91CD1C00808CE4 /* Timeline.swift */ = {isa = PBXFileReference; fileEncoding = 4; lastKnownFileType = sourcecode.swift; path = Timeline.swift; sourceTree = "<group>"; };
		19FDEC611C91CD1C00808CE4 /* Upload.swift */ = {isa = PBXFileReference; fileEncoding = 4; lastKnownFileType = sourcecode.swift; path = Upload.swift; sourceTree = "<group>"; };
		19FDEC621C91CD1C00808CE4 /* Validation.swift */ = {isa = PBXFileReference; fileEncoding = 4; lastKnownFileType = sourcecode.swift; path = Validation.swift; sourceTree = "<group>"; };
		1ED2F2BB2B65965B3CCAA311 /* Pods-Pix500.release.xcconfig */ = {isa = PBXFileReference; includeInIndex = 1; lastKnownFileType = text.xcconfig; name = "Pods-Pix500.release.xcconfig"; path = "Pods/Target Support Files/Pods-Pix500/Pods-Pix500.release.xcconfig"; sourceTree = "<group>"; };
		2420A54B343F6F1844F16DC2 /* Pods_Pix500.framework */ = {isa = PBXFileReference; explicitFileType = wrapper.framework; includeInIndex = 0; path = Pods_Pix500.framework; sourceTree = BUILT_PRODUCTS_DIR; };
		6E4CBFEC4353B0ED69916552 /* Pods-Pix500.debug.xcconfig */ = {isa = PBXFileReference; includeInIndex = 1; lastKnownFileType = text.xcconfig; name = "Pods-Pix500.debug.xcconfig"; path = "Pods/Target Support Files/Pods-Pix500/Pods-Pix500.debug.xcconfig"; sourceTree = "<group>"; };
/* End PBXFileReference section */

/* Begin PBXFrameworksBuildPhase section */
		1936D7C91C911ECC00B5786E /* Frameworks */ = {
			isa = PBXFrameworksBuildPhase;
			buildActionMask = 2147483647;
			files = (
				1936D8121C91216000B5786E /* Realm.framework in Frameworks */,
			);
			runOnlyForDeploymentPostprocessing = 0;
		};
		1936D7DD1C911ECD00B5786E /* Frameworks */ = {
			isa = PBXFrameworksBuildPhase;
			buildActionMask = 2147483647;
			files = (
			);
			runOnlyForDeploymentPostprocessing = 0;
		};
		1936D7E81C911ECD00B5786E /* Frameworks */ = {
			isa = PBXFrameworksBuildPhase;
			buildActionMask = 2147483647;
			files = (
			);
			runOnlyForDeploymentPostprocessing = 0;
		};
/* End PBXFrameworksBuildPhase section */

/* Begin PBXGroup section */
		1936D7C31C911ECC00B5786E = {
			isa = PBXGroup;
			children = (
				1936D7CE1C911ECC00B5786E /* Pix500 */,
				1936D7E31C911ECD00B5786E /* Pix500Tests */,
				1936D7EE1C911ECD00B5786E /* Pix500UITests */,
				1936D7CD1C911ECC00B5786E /* Products */,
				D54EC2200A19F298F946C3BD /* Pods */,
				3DD1A5B2640D5214B3E3310E /* Frameworks */,
			);
			sourceTree = "<group>";
		};
		1936D7CD1C911ECC00B5786E /* Products */ = {
			isa = PBXGroup;
			children = (
				1936D7CC1C911ECC00B5786E /* Pix500.app */,
				1936D7E01C911ECD00B5786E /* Pix500Tests.xctest */,
				1936D7EB1C911ECD00B5786E /* Pix500UITests.xctest */,
			);
			name = Products;
			sourceTree = "<group>";
		};
		1936D7CE1C911ECC00B5786E /* Pix500 */ = {
			isa = PBXGroup;
			children = (
				1936D7CF1C911ECC00B5786E /* AppDelegate.swift */,
				1936D80B1C91208700B5786E /* RLMSupport.swift */,
				1936D7D81C911ECC00B5786E /* LaunchScreen.storyboard */,
				19FDEC291C914E2500808CE4 /* Services.plist */,
				1936D7DB1C911ECC00B5786E /* Info.plist */,
				1936D7D61C911ECC00B5786E /* Assets.xcassets */,
				1936D8071C91208700B5786E /* Frameworks */,
				1936D8271C9148CC00B5786E /* 3rdParty */,
				1936D8091C91208700B5786E /* General */,
				19FDEC481C91CA0D00808CE4 /* Extensions */,
				1936D80A1C91208700B5786E /* Model */,
				1936D80C1C91208700B5786E /* ViewControllers */,
				1936D80E1C91208700B5786E /* Views */,
			);
			path = Pix500;
			sourceTree = "<group>";
		};
		1936D7E31C911ECD00B5786E /* Pix500Tests */ = {
			isa = PBXGroup;
			children = (
				1936D7E41C911ECD00B5786E /* Pix500Tests.swift */,
				1936D7E61C911ECD00B5786E /* Info.plist */,
			);
			path = Pix500Tests;
			sourceTree = "<group>";
		};
		1936D7EE1C911ECD00B5786E /* Pix500UITests */ = {
			isa = PBXGroup;
			children = (
				1936D7EF1C911ECD00B5786E /* Pix500UITests.swift */,
				1936D7F11C911ECD00B5786E /* Info.plist */,
			);
			path = Pix500UITests;
			sourceTree = "<group>";
		};
		1936D8071C91208700B5786E /* Frameworks */ = {
			isa = PBXGroup;
			children = (
				1936D8081C91208700B5786E /* Realm.framework */,
			);
			path = Frameworks;
			sourceTree = "<group>";
		};
		1936D8091C91208700B5786E /* General */ = {
			isa = PBXGroup;
			children = (
				19FDEC451C91C60C00808CE4 /* SharedConstants.swift */,
				19FDEC4B1C91CC0B00808CE4 /* Helpers */,
			);
			path = General;
			sourceTree = "<group>";
		};
		1936D80A1C91208700B5786E /* Model */ = {
			isa = PBXGroup;
			children = (
			);
			path = Model;
			sourceTree = "<group>";
		};
		1936D80C1C91208700B5786E /* ViewControllers */ = {
			isa = PBXGroup;
			children = (
				1936D8181C9124AF00B5786E /* GridViewController */,
				1936D81A1C9124AF00B5786E /* ImageViewController */,
			);
			path = ViewControllers;
			sourceTree = "<group>";
		};
		1936D80E1C91208700B5786E /* Views */ = {
			isa = PBXGroup;
			children = (
				19CD36031C9224F700FEBB08 /* ImageViewCell */,
				1936D8221C91304100B5786E /* GridViewCell */,
			);
			path = Views;
			sourceTree = "<group>";
		};
		1936D8181C9124AF00B5786E /* GridViewController */ = {
			isa = PBXGroup;
			children = (
				1936D8191C9124AF00B5786E /* GridViewController.swift */,
				1936D81E1C91252100B5786E /* GridViewController.xib */,
			);
			path = GridViewController;
			sourceTree = "<group>";
		};
		1936D81A1C9124AF00B5786E /* ImageViewController */ = {
			isa = PBXGroup;
			children = (
				1936D81B1C9124AF00B5786E /* ImageViewController.swift */,
				1936D8201C91253C00B5786E /* ImageViewController.xib */,
			);
			path = ImageViewController;
			sourceTree = "<group>";
		};
		1936D8221C91304100B5786E /* GridViewCell */ = {
			isa = PBXGroup;
			children = (
				1936D8231C91309000B5786E /* GridViewCell.xib */,
				1936D8251C9130B300B5786E /* GridViewCell.swift */,
			);
			path = GridViewCell;
			sourceTree = "<group>";
		};
		1936D8271C9148CC00B5786E /* 3rdParty */ = {
			isa = PBXGroup;
			children = (
				19CD35F31C92245E00FEBB08 /* PagingView */,
				19CD35DF1C920CC600FEBB08 /* ImageViewer */,
				198E9B151C91E637003447BD /* Kingfisher */,
				19FDEC4E1C91CD1C00808CE4 /* Alamofire */,
			);
			path = 3rdParty;
			sourceTree = "<group>";
		};
		198E9B151C91E637003447BD /* Kingfisher */ = {
			isa = PBXGroup;
			children = (
				198E9B161C91E637003447BD /* Image.swift */,
				198E9B171C91E637003447BD /* ImageCache.swift */,
				198E9B181C91E637003447BD /* ImageDownloader.swift */,
				198E9B191C91E637003447BD /* ImagePrefetcher.swift */,
				198E9B1A1C91E637003447BD /* ImageTransition.swift */,
				198E9B1B1C91E637003447BD /* ImageView+Kingfisher.swift */,
				198E9B1C1C91E637003447BD /* Info.plist */,
				198E9B1D1C91E637003447BD /* Kingfisher.h */,
				198E9B1E1C91E637003447BD /* KingfisherManager.swift */,
				198E9B1F1C91E637003447BD /* KingfisherOptionsInfo.swift */,
				198E9B201C91E637003447BD /* Resource.swift */,
				198E9B211C91E637003447BD /* String+MD5.swift */,
				198E9B221C91E637003447BD /* ThreadHelper.swift */,
				198E9B231C91E637003447BD /* UIButton+Kingfisher.swift */,
			);
			name = Kingfisher;
			path = "Kingfisher-master/Sources";
			sourceTree = "<group>";
		};
		19CD35DF1C920CC600FEBB08 /* ImageViewer */ = {
			isa = PBXGroup;
			children = (
				19CD35E01C920CC600FEBB08 /* Source */,
				19CD35E91C920CC600FEBB08 /* Supporting Files */,
			);
			path = ImageViewer;
			sourceTree = "<group>";
		};
		19CD35E01C920CC600FEBB08 /* Source */ = {
			isa = PBXGroup;
			children = (
				19CD35E11C920CC600FEBB08 /* Extensions */,
				19CD35E41C920CC600FEBB08 /* ImageViewer */,
			);
			path = Source;
			sourceTree = "<group>";
		};
		19CD35E11C920CC600FEBB08 /* Extensions */ = {
			isa = PBXGroup;
			children = (
				19CD35E21C920CC600FEBB08 /* CGPoint.swift */,
				19CD35E31C920CC600FEBB08 /* CGSize.swift */,
			);
			path = Extensions;
			sourceTree = "<group>";
		};
		19CD35E41C920CC600FEBB08 /* ImageViewer */ = {
			isa = PBXGroup;
			children = (
				19CD35E51C920CC600FEBB08 /* ImageViewer.swift */,
				19CD35E61C920CC600FEBB08 /* ImageViewerDismissTransition.swift */,
				19CD35E71C920CC600FEBB08 /* ImageViewerPresentTransition.swift */,
				19CD35E81C920CC600FEBB08 /* ImageViewerSwipeToDismissTransition.swift */,
			);
			path = ImageViewer;
			sourceTree = "<group>";
		};
		19CD35E91C920CC600FEBB08 /* Supporting Files */ = {
			isa = PBXGroup;
			children = (
				19CD35EA1C920CC600FEBB08 /* Info.plist */,
			);
			path = "Supporting Files";
			sourceTree = "<group>";
		};
		19CD35F31C92245E00FEBB08 /* PagingView */ = {
			isa = PBXGroup;
			children = (
				19CD35F41C92245E00FEBB08 /* CellReuseQueue.swift */,
				19CD35F51C92245E00FEBB08 /* Constraints.swift */,
				19CD35F61C92245E00FEBB08 /* ContentView.swift */,
				19CD35F71C92245E00FEBB08 /* Info.plist */,
				19CD35F81C92245E00FEBB08 /* PagingView.h */,
				19CD35F91C92245E00FEBB08 /* PagingView.swift */,
				19CD35FA1C92245E00FEBB08 /* PagingViewCell.swift */,
				19CD35FB1C92245E00FEBB08 /* Position.swift */,
			);
			path = PagingView;
			sourceTree = "<group>";
		};
		19CD36031C9224F700FEBB08 /* ImageViewCell */ = {
			isa = PBXGroup;
			children = (
				19CD36041C92250100FEBB08 /* ImageViewCell.swift */,
				19CD36061C92250C00FEBB08 /* ImageViewCell.xib */,
			);
			path = ImageViewCell;
			sourceTree = "<group>";
		};
		19FDEC481C91CA0D00808CE4 /* Extensions */ = {
			isa = PBXGroup;
			children = (
				19FDEC491C91CA2D00808CE4 /* PXDictionaryExtension.swift */,
				198E9AF11C91D3F6003447BD /* PXNSDataExtension.swift */,
			);
			path = Extensions;
			sourceTree = "<group>";
		};
		19FDEC4B1C91CC0B00808CE4 /* Helpers */ = {
			isa = PBXGroup;
			children = (
				19FDEC4C1C91CC1700808CE4 /* ServerConnectionHelper.swift */,
			);
			path = Helpers;
			sourceTree = "<group>";
		};
		19FDEC4E1C91CD1C00808CE4 /* Alamofire */ = {
			isa = PBXGroup;
			children = (
				19FDEC4F1C91CD1C00808CE4 /* Alamofire.h */,
				19FDEC501C91CD1C00808CE4 /* Alamofire.swift */,
				19FDEC511C91CD1C00808CE4 /* Download.swift */,
				19FDEC521C91CD1C00808CE4 /* Error.swift */,
				19FDEC531C91CD1C00808CE4 /* Info-tvOS.plist */,
				19FDEC541C91CD1C00808CE4 /* Info.plist */,
				19FDEC551C91CD1C00808CE4 /* Manager.swift */,
				19FDEC561C91CD1C00808CE4 /* MultipartFormData.swift */,
				19FDEC571C91CD1C00808CE4 /* NetworkReachabilityManager.swift */,
				19FDEC581C91CD1C00808CE4 /* Notifications.swift */,
				19FDEC591C91CD1C00808CE4 /* ParameterEncoding.swift */,
				19FDEC5A1C91CD1C00808CE4 /* Request.swift */,
				19FDEC5B1C91CD1C00808CE4 /* Response.swift */,
				19FDEC5C1C91CD1C00808CE4 /* ResponseSerialization.swift */,
				19FDEC5D1C91CD1C00808CE4 /* Result.swift */,
				19FDEC5E1C91CD1C00808CE4 /* ServerTrustPolicy.swift */,
				19FDEC5F1C91CD1C00808CE4 /* Stream.swift */,
				19FDEC601C91CD1C00808CE4 /* Timeline.swift */,
				19FDEC611C91CD1C00808CE4 /* Upload.swift */,
				19FDEC621C91CD1C00808CE4 /* Validation.swift */,
			);
			name = Alamofire;
			path = "Alamofire-master/Source";
			sourceTree = "<group>";
		};
		3DD1A5B2640D5214B3E3310E /* Frameworks */ = {
			isa = PBXGroup;
			children = (
				2420A54B343F6F1844F16DC2 /* Pods_Pix500.framework */,
			);
			name = Frameworks;
			sourceTree = "<group>";
		};
		D54EC2200A19F298F946C3BD /* Pods */ = {
			isa = PBXGroup;
			children = (
				6E4CBFEC4353B0ED69916552 /* Pods-Pix500.debug.xcconfig */,
				1ED2F2BB2B65965B3CCAA311 /* Pods-Pix500.release.xcconfig */,
			);
			name = Pods;
			sourceTree = "<group>";
		};
/* End PBXGroup section */

/* Begin PBXNativeTarget section */
		1936D7CB1C911ECC00B5786E /* Pix500 */ = {
			isa = PBXNativeTarget;
			buildConfigurationList = 1936D7F41C911ECD00B5786E /* Build configuration list for PBXNativeTarget "Pix500" */;
			buildPhases = (
				1936D7C81C911ECC00B5786E /* Sources */,
				1936D7C91C911ECC00B5786E /* Frameworks */,
				1936D7CA1C911ECC00B5786E /* Resources */,
				1936D8141C91216000B5786E /* Embed Frameworks */,
				1936D8151C91220C00B5786E /* ShellScript */,
			);
			buildRules = (
			);
			dependencies = (
			);
			name = Pix500;
			productName = Pix500;
			productReference = 1936D7CC1C911ECC00B5786E /* Pix500.app */;
			productType = "com.apple.product-type.application";
		};
		1936D7DF1C911ECD00B5786E /* Pix500Tests */ = {
			isa = PBXNativeTarget;
			buildConfigurationList = 1936D7F71C911ECD00B5786E /* Build configuration list for PBXNativeTarget "Pix500Tests" */;
			buildPhases = (
				1936D7DC1C911ECD00B5786E /* Sources */,
				1936D7DD1C911ECD00B5786E /* Frameworks */,
				1936D7DE1C911ECD00B5786E /* Resources */,
			);
			buildRules = (
			);
			dependencies = (
				1936D7E21C911ECD00B5786E /* PBXTargetDependency */,
			);
			name = Pix500Tests;
			productName = Pix500Tests;
			productReference = 1936D7E01C911ECD00B5786E /* Pix500Tests.xctest */;
			productType = "com.apple.product-type.bundle.unit-test";
		};
		1936D7EA1C911ECD00B5786E /* Pix500UITests */ = {
			isa = PBXNativeTarget;
			buildConfigurationList = 1936D7FA1C911ECD00B5786E /* Build configuration list for PBXNativeTarget "Pix500UITests" */;
			buildPhases = (
				1936D7E71C911ECD00B5786E /* Sources */,
				1936D7E81C911ECD00B5786E /* Frameworks */,
				1936D7E91C911ECD00B5786E /* Resources */,
			);
			buildRules = (
			);
			dependencies = (
				1936D7ED1C911ECD00B5786E /* PBXTargetDependency */,
			);
			name = Pix500UITests;
			productName = Pix500UITests;
			productReference = 1936D7EB1C911ECD00B5786E /* Pix500UITests.xctest */;
			productType = "com.apple.product-type.bundle.ui-testing";
		};
/* End PBXNativeTarget section */

/* Begin PBXProject section */
		1936D7C41C911ECC00B5786E /* Project object */ = {
			isa = PBXProject;
			attributes = {
				LastSwiftUpdateCheck = 0720;
				LastUpgradeCheck = 0720;
				ORGANIZATIONNAME = Pix500;
				TargetAttributes = {
					1936D7CB1C911ECC00B5786E = {
						CreatedOnToolsVersion = 7.2.1;
					};
					1936D7DF1C911ECD00B5786E = {
						CreatedOnToolsVersion = 7.2.1;
						TestTargetID = 1936D7CB1C911ECC00B5786E;
					};
					1936D7EA1C911ECD00B5786E = {
						CreatedOnToolsVersion = 7.2.1;
						TestTargetID = 1936D7CB1C911ECC00B5786E;
					};
				};
			};
			buildConfigurationList = 1936D7C71C911ECC00B5786E /* Build configuration list for PBXProject "Pix500" */;
			compatibilityVersion = "Xcode 3.2";
			developmentRegion = English;
			hasScannedForEncodings = 0;
			knownRegions = (
				en,
				Base,
			);
			mainGroup = 1936D7C31C911ECC00B5786E;
			productRefGroup = 1936D7CD1C911ECC00B5786E /* Products */;
			projectDirPath = "";
			projectRoot = "";
			targets = (
				1936D7CB1C911ECC00B5786E /* Pix500 */,
				1936D7DF1C911ECD00B5786E /* Pix500Tests */,
				1936D7EA1C911ECD00B5786E /* Pix500UITests */,
			);
		};
/* End PBXProject section */

/* Begin PBXResourcesBuildPhase section */
		1936D7CA1C911ECC00B5786E /* Resources */ = {
			isa = PBXResourcesBuildPhase;
			buildActionMask = 2147483647;
			files = (
				19FDEC671C91CD1C00808CE4 /* Info.plist in Resources */,
				19FDEC2A1C914E2500808CE4 /* Services.plist in Resources */,
				198E9B2A1C91E637003447BD /* Info.plist in Resources */,
				1936D7DA1C911ECC00B5786E /* LaunchScreen.storyboard in Resources */,
				19CD36071C92250C00FEBB08 /* ImageViewCell.xib in Resources */,
				19FDEC661C91CD1C00808CE4 /* Info-tvOS.plist in Resources */,
				1936D8241C91309000B5786E /* GridViewCell.xib in Resources */,
				1936D7D71C911ECC00B5786E /* Assets.xcassets in Resources */,
				1936D8211C91253C00B5786E /* ImageViewController.xib in Resources */,
				19CD35FF1C92245E00FEBB08 /* Info.plist in Resources */,
				19CD35F11C920CC600FEBB08 /* Info.plist in Resources */,
				1936D81F1C91252100B5786E /* GridViewController.xib in Resources */,
			);
			runOnlyForDeploymentPostprocessing = 0;
		};
		1936D7DE1C911ECD00B5786E /* Resources */ = {
			isa = PBXResourcesBuildPhase;
			buildActionMask = 2147483647;
			files = (
			);
			runOnlyForDeploymentPostprocessing = 0;
		};
		1936D7E91C911ECD00B5786E /* Resources */ = {
			isa = PBXResourcesBuildPhase;
			buildActionMask = 2147483647;
			files = (
			);
			runOnlyForDeploymentPostprocessing = 0;
		};
/* End PBXResourcesBuildPhase section */

/* Begin PBXShellScriptBuildPhase section */
		1936D8151C91220C00B5786E /* ShellScript */ = {
			isa = PBXShellScriptBuildPhase;
			buildActionMask = 2147483647;
			files = (
			);
			inputPaths = (
			);
			outputPaths = (
			);
			runOnlyForDeploymentPostprocessing = 0;
			shellPath = /bin/sh;
			shellScript = "bash \"${BUILT_PRODUCTS_DIR}/${FRAMEWORKS_FOLDER_PATH}/Realm.framework/strip-frameworks.sh\"";
		};
/* End PBXShellScriptBuildPhase section */

/* Begin PBXSourcesBuildPhase section */
		1936D7C81C911ECC00B5786E /* Sources */ = {
			isa = PBXSourcesBuildPhase;
			buildActionMask = 2147483647;
			files = (
				19FDEC6B1C91CD1C00808CE4 /* Notifications.swift in Sources */,
				198E9B241C91E637003447BD /* Image.swift in Sources */,
				198E9B2C1C91E637003447BD /* KingfisherOptionsInfo.swift in Sources */,
				198E9B2E1C91E637003447BD /* String+MD5.swift in Sources */,
				19CD35EC1C920CC600FEBB08 /* CGSize.swift in Sources */,
				19FDEC6A1C91CD1C00808CE4 /* NetworkReachabilityManager.swift in Sources */,
				1936D7D01C911ECC00B5786E /* AppDelegate.swift in Sources */,
				19FDEC4A1C91CA2D00808CE4 /* PXDictionaryExtension.swift in Sources */,
				198E9AF21C91D3F6003447BD /* PXNSDataExtension.swift in Sources */,
				19FDEC6E1C91CD1C00808CE4 /* Response.swift in Sources */,
				19CD35EF1C920CC600FEBB08 /* ImageViewerPresentTransition.swift in Sources */,
				19CD35EE1C920CC600FEBB08 /* ImageViewerDismissTransition.swift in Sources */,
				19CD36001C92245E00FEBB08 /* PagingView.swift in Sources */,
				19FDEC691C91CD1C00808CE4 /* MultipartFormData.swift in Sources */,
				198E9B291C91E637003447BD /* ImageView+Kingfisher.swift in Sources */,
				19FDEC701C91CD1C00808CE4 /* Result.swift in Sources */,
				19CD35FC1C92245E00FEBB08 /* CellReuseQueue.swift in Sources */,
				1936D8261C9130B300B5786E /* GridViewCell.swift in Sources */,
				19FDEC651C91CD1C00808CE4 /* Error.swift in Sources */,
				198E9B2D1C91E637003447BD /* Resource.swift in Sources */,
				19FDEC6D1C91CD1C00808CE4 /* Request.swift in Sources */,
				1936D8101C91208700B5786E /* RLMSupport.swift in Sources */,
				198E9B271C91E637003447BD /* ImagePrefetcher.swift in Sources */,
				19FDEC731C91CD1C00808CE4 /* Timeline.swift in Sources */,
				198E9B2F1C91E637003447BD /* ThreadHelper.swift in Sources */,
				198E9B2B1C91E637003447BD /* KingfisherManager.swift in Sources */,
				19CD36011C92245E00FEBB08 /* PagingViewCell.swift in Sources */,
				19CD35FE1C92245E00FEBB08 /* ContentView.swift in Sources */,
				19FDEC741C91CD1C00808CE4 /* Upload.swift in Sources */,
				19CD35F01C920CC600FEBB08 /* ImageViewerSwipeToDismissTransition.swift in Sources */,
				19FDEC751C91CD1C00808CE4 /* Validation.swift in Sources */,
				198E9B281C91E637003447BD /* ImageTransition.swift in Sources */,
				19FDEC721C91CD1C00808CE4 /* Stream.swift in Sources */,
				19CD35ED1C920CC600FEBB08 /* ImageViewer.swift in Sources */,
				1936D81D1C9124AF00B5786E /* ImageViewController.swift in Sources */,
				19FDEC711C91CD1C00808CE4 /* ServerTrustPolicy.swift in Sources */,
				19CD35EB1C920CC600FEBB08 /* CGPoint.swift in Sources */,
				19FDEC461C91C60C00808CE4 /* SharedConstants.swift in Sources */,
				19FDEC6C1C91CD1C00808CE4 /* ParameterEncoding.swift in Sources */,
				19FDEC681C91CD1C00808CE4 /* Manager.swift in Sources */,
				19FDEC631C91CD1C00808CE4 /* Alamofire.swift in Sources */,
				19CD35FD1C92245E00FEBB08 /* Constraints.swift in Sources */,
				19FDEC4D1C91CC1700808CE4 /* ServerConnectionHelper.swift in Sources */,
				198E9B261C91E637003447BD /* ImageDownloader.swift in Sources */,
				19FDEC6F1C91CD1C00808CE4 /* ResponseSerialization.swift in Sources */,
				1936D81C1C9124AF00B5786E /* GridViewController.swift in Sources */,
				198E9B301C91E637003447BD /* UIButton+Kingfisher.swift in Sources */,
				198E9B251C91E637003447BD /* ImageCache.swift in Sources */,
				19CD36021C92245E00FEBB08 /* Position.swift in Sources */,
				19CD36051C92250100FEBB08 /* ImageViewCell.swift in Sources */,
				19FDEC641C91CD1C00808CE4 /* Download.swift in Sources */,
			);
			runOnlyForDeploymentPostprocessing = 0;
		};
		1936D7DC1C911ECD00B5786E /* Sources */ = {
			isa = PBXSourcesBuildPhase;
			buildActionMask = 2147483647;
			files = (
				1936D7E51C911ECD00B5786E /* Pix500Tests.swift in Sources */,
			);
			runOnlyForDeploymentPostprocessing = 0;
		};
		1936D7E71C911ECD00B5786E /* Sources */ = {
			isa = PBXSourcesBuildPhase;
			buildActionMask = 2147483647;
			files = (
				1936D7F01C911ECD00B5786E /* Pix500UITests.swift in Sources */,
			);
			runOnlyForDeploymentPostprocessing = 0;
		};
/* End PBXSourcesBuildPhase section */

/* Begin PBXTargetDependency section */
		1936D7E21C911ECD00B5786E /* PBXTargetDependency */ = {
			isa = PBXTargetDependency;
			target = 1936D7CB1C911ECC00B5786E /* Pix500 */;
			targetProxy = 1936D7E11C911ECD00B5786E /* PBXContainerItemProxy */;
		};
		1936D7ED1C911ECD00B5786E /* PBXTargetDependency */ = {
			isa = PBXTargetDependency;
			target = 1936D7CB1C911ECC00B5786E /* Pix500 */;
			targetProxy = 1936D7EC1C911ECD00B5786E /* PBXContainerItemProxy */;
		};
/* End PBXTargetDependency section */

/* Begin PBXVariantGroup section */
		1936D7D81C911ECC00B5786E /* LaunchScreen.storyboard */ = {
			isa = PBXVariantGroup;
			children = (
				1936D7D91C911ECC00B5786E /* Base */,
			);
			name = LaunchScreen.storyboard;
			sourceTree = "<group>";
		};
/* End PBXVariantGroup section */

/* Begin XCBuildConfiguration section */
		1936D7F21C911ECD00B5786E /* Debug */ = {
			isa = XCBuildConfiguration;
			buildSettings = {
				ALWAYS_SEARCH_USER_PATHS = NO;
				CLANG_CXX_LANGUAGE_STANDARD = "gnu++0x";
				CLANG_CXX_LIBRARY = "libc++";
				CLANG_ENABLE_MODULES = YES;
				CLANG_ENABLE_OBJC_ARC = YES;
				CLANG_WARN_BOOL_CONVERSION = YES;
				CLANG_WARN_CONSTANT_CONVERSION = YES;
				CLANG_WARN_DIRECT_OBJC_ISA_USAGE = YES_ERROR;
				CLANG_WARN_EMPTY_BODY = YES;
				CLANG_WARN_ENUM_CONVERSION = YES;
				CLANG_WARN_INT_CONVERSION = YES;
				CLANG_WARN_OBJC_ROOT_CLASS = YES_ERROR;
				CLANG_WARN_UNREACHABLE_CODE = YES;
				CLANG_WARN__DUPLICATE_METHOD_MATCH = YES;
				"CODE_SIGN_IDENTITY[sdk=iphoneos*]" = "iPhone Developer";
				COPY_PHASE_STRIP = NO;
				DEBUG_INFORMATION_FORMAT = dwarf;
				ENABLE_STRICT_OBJC_MSGSEND = YES;
				ENABLE_TESTABILITY = YES;
				GCC_C_LANGUAGE_STANDARD = gnu99;
				GCC_DYNAMIC_NO_PIC = NO;
				GCC_NO_COMMON_BLOCKS = YES;
				GCC_OPTIMIZATION_LEVEL = 0;
				GCC_PREPROCESSOR_DEFINITIONS = (
					"DEBUG=1",
					"$(inherited)",
				);
				GCC_WARN_64_TO_32_BIT_CONVERSION = YES;
				GCC_WARN_ABOUT_RETURN_TYPE = YES_ERROR;
				GCC_WARN_UNDECLARED_SELECTOR = YES;
				GCC_WARN_UNINITIALIZED_AUTOS = YES_AGGRESSIVE;
				GCC_WARN_UNUSED_FUNCTION = YES;
				GCC_WARN_UNUSED_VARIABLE = YES;
				IPHONEOS_DEPLOYMENT_TARGET = 9.2;
				MTL_ENABLE_DEBUG_INFO = YES;
				ONLY_ACTIVE_ARCH = YES;
				SDKROOT = iphoneos;
				SWIFT_OPTIMIZATION_LEVEL = "-Onone";
				TARGETED_DEVICE_FAMILY = "1,2";
			};
			name = Debug;
		};
		1936D7F31C911ECD00B5786E /* Release */ = {
			isa = XCBuildConfiguration;
			buildSettings = {
				ALWAYS_SEARCH_USER_PATHS = NO;
				CLANG_CXX_LANGUAGE_STANDARD = "gnu++0x";
				CLANG_CXX_LIBRARY = "libc++";
				CLANG_ENABLE_MODULES = YES;
				CLANG_ENABLE_OBJC_ARC = YES;
				CLANG_WARN_BOOL_CONVERSION = YES;
				CLANG_WARN_CONSTANT_CONVERSION = YES;
				CLANG_WARN_DIRECT_OBJC_ISA_USAGE = YES_ERROR;
				CLANG_WARN_EMPTY_BODY = YES;
				CLANG_WARN_ENUM_CONVERSION = YES;
				CLANG_WARN_INT_CONVERSION = YES;
				CLANG_WARN_OBJC_ROOT_CLASS = YES_ERROR;
				CLANG_WARN_UNREACHABLE_CODE = YES;
				CLANG_WARN__DUPLICATE_METHOD_MATCH = YES;
				"CODE_SIGN_IDENTITY[sdk=iphoneos*]" = "iPhone Developer";
				COPY_PHASE_STRIP = NO;
				DEBUG_INFORMATION_FORMAT = "dwarf-with-dsym";
				ENABLE_NS_ASSERTIONS = NO;
				ENABLE_STRICT_OBJC_MSGSEND = YES;
				GCC_C_LANGUAGE_STANDARD = gnu99;
				GCC_NO_COMMON_BLOCKS = YES;
				GCC_WARN_64_TO_32_BIT_CONVERSION = YES;
				GCC_WARN_ABOUT_RETURN_TYPE = YES_ERROR;
				GCC_WARN_UNDECLARED_SELECTOR = YES;
				GCC_WARN_UNINITIALIZED_AUTOS = YES_AGGRESSIVE;
				GCC_WARN_UNUSED_FUNCTION = YES;
				GCC_WARN_UNUSED_VARIABLE = YES;
				IPHONEOS_DEPLOYMENT_TARGET = 9.2;
				MTL_ENABLE_DEBUG_INFO = NO;
				SDKROOT = iphoneos;
				TARGETED_DEVICE_FAMILY = "1,2";
				VALIDATE_PRODUCT = YES;
			};
			name = Release;
		};
		1936D7F51C911ECD00B5786E /* Debug */ = {
			isa = XCBuildConfiguration;
			baseConfigurationReference = 6E4CBFEC4353B0ED69916552 /* Pods-Pix500.debug.xcconfig */;
			buildSettings = {
				ASSETCATALOG_COMPILER_APPICON_NAME = AppIcon;
				FRAMEWORK_SEARCH_PATHS = (
					"$(inherited)",
					"$(PROJECT_DIR)/Frameworks",
					"$(PROJECT_DIR)/Pix500/Frameworks",
				);
				INFOPLIST_FILE = Pix500/Info.plist;
				LD_RUNPATH_SEARCH_PATHS = "$(inherited) @executable_path/Frameworks";
				PRODUCT_BUNDLE_IDENTIFIER = com.pix.Pix500;
				PRODUCT_NAME = "$(TARGET_NAME)";
			};
			name = Debug;
		};
		1936D7F61C911ECD00B5786E /* Release */ = {
			isa = XCBuildConfiguration;
			baseConfigurationReference = 1ED2F2BB2B65965B3CCAA311 /* Pods-Pix500.release.xcconfig */;
			buildSettings = {
				ASSETCATALOG_COMPILER_APPICON_NAME = AppIcon;
				FRAMEWORK_SEARCH_PATHS = (
					"$(inherited)",
					"$(PROJECT_DIR)/Frameworks",
					"$(PROJECT_DIR)/Pix500/Frameworks",
				);
				INFOPLIST_FILE = Pix500/Info.plist;
				LD_RUNPATH_SEARCH_PATHS = "$(inherited) @executable_path/Frameworks";
				PRODUCT_BUNDLE_IDENTIFIER = com.pix.Pix500;
				PRODUCT_NAME = "$(TARGET_NAME)";
			};
			name = Release;
		};
		1936D7F81C911ECD00B5786E /* Debug */ = {
			isa = XCBuildConfiguration;
			buildSettings = {
				BUNDLE_LOADER = "$(TEST_HOST)";
				INFOPLIST_FILE = Pix500Tests/Info.plist;
				LD_RUNPATH_SEARCH_PATHS = "$(inherited) @executable_path/Frameworks @loader_path/Frameworks";
				PRODUCT_BUNDLE_IDENTIFIER = com.pix.Pix500Tests;
				PRODUCT_NAME = "$(TARGET_NAME)";
				TEST_HOST = "$(BUILT_PRODUCTS_DIR)/Pix500.app/Pix500";
			};
			name = Debug;
		};
		1936D7F91C911ECD00B5786E /* Release */ = {
			isa = XCBuildConfiguration;
			buildSettings = {
				BUNDLE_LOADER = "$(TEST_HOST)";
				INFOPLIST_FILE = Pix500Tests/Info.plist;
				LD_RUNPATH_SEARCH_PATHS = "$(inherited) @executable_path/Frameworks @loader_path/Frameworks";
				PRODUCT_BUNDLE_IDENTIFIER = com.pix.Pix500Tests;
				PRODUCT_NAME = "$(TARGET_NAME)";
				TEST_HOST = "$(BUILT_PRODUCTS_DIR)/Pix500.app/Pix500";
			};
			name = Release;
		};
		1936D7FB1C911ECD00B5786E /* Debug */ = {
			isa = XCBuildConfiguration;
			buildSettings = {
				INFOPLIST_FILE = Pix500UITests/Info.plist;
				LD_RUNPATH_SEARCH_PATHS = "$(inherited) @executable_path/Frameworks @loader_path/Frameworks";
				PRODUCT_BUNDLE_IDENTIFIER = com.pix.Pix500UITests;
				PRODUCT_NAME = "$(TARGET_NAME)";
				TEST_TARGET_NAME = Pix500;
				USES_XCTRUNNER = YES;
			};
			name = Debug;
		};
		1936D7FC1C911ECD00B5786E /* Release */ = {
			isa = XCBuildConfiguration;
			buildSettings = {
				INFOPLIST_FILE = Pix500UITests/Info.plist;
				LD_RUNPATH_SEARCH_PATHS = "$(inherited) @executable_path/Frameworks @loader_path/Frameworks";
				PRODUCT_BUNDLE_IDENTIFIER = com.pix.Pix500UITests;
				PRODUCT_NAME = "$(TARGET_NAME)";
				TEST_TARGET_NAME = Pix500;
				USES_XCTRUNNER = YES;
			};
			name = Release;
		};
/* End XCBuildConfiguration section */

/* Begin XCConfigurationList section */
		1936D7C71C911ECC00B5786E /* Build configuration list for PBXProject "Pix500" */ = {
			isa = XCConfigurationList;
			buildConfigurations = (
				1936D7F21C911ECD00B5786E /* Debug */,
				1936D7F31C911ECD00B5786E /* Release */,
			);
			defaultConfigurationIsVisible = 0;
			defaultConfigurationName = Release;
		};
		1936D7F41C911ECD00B5786E /* Build configuration list for PBXNativeTarget "Pix500" */ = {
			isa = XCConfigurationList;
			buildConfigurations = (
				1936D7F51C911ECD00B5786E /* Debug */,
				1936D7F61C911ECD00B5786E /* Release */,
			);
			defaultConfigurationIsVisible = 0;
			defaultConfigurationName = Release;
		};
		1936D7F71C911ECD00B5786E /* Build configuration list for PBXNativeTarget "Pix500Tests" */ = {
			isa = XCConfigurationList;
			buildConfigurations = (
				1936D7F81C911ECD00B5786E /* Debug */,
				1936D7F91C911ECD00B5786E /* Release */,
			);
			defaultConfigurationIsVisible = 0;
			defaultConfigurationName = Release;
		};
		1936D7FA1C911ECD00B5786E /* Build configuration list for PBXNativeTarget "Pix500UITests" */ = {
			isa = XCConfigurationList;
			buildConfigurations = (
				1936D7FB1C911ECD00B5786E /* Debug */,
				1936D7FC1C911ECD00B5786E /* Release */,
			);
			defaultConfigurationIsVisible = 0;
			defaultConfigurationName = Release;
		};
/* End XCConfigurationList section */
	};
	rootObject = 1936D7C41C911ECC00B5786E /* Project object */;
}
